// !$*UTF8*$!
{
	archiveVersion = 1;
	classes = {
	};
	objectVersion = 46;
	objects = {

/* Begin PBXBuildFile section */
		3A0805E71DEE2D01002DB0DF /* LoginController.swift in Sources */ = {isa = PBXBuildFile; fileRef = 3A0805E61DEE2D01002DB0DF /* LoginController.swift */; };
		3A0805E91DEE5134002DB0DF /* LoginTextField.swift in Sources */ = {isa = PBXBuildFile; fileRef = 3A0805E81DEE5134002DB0DF /* LoginTextField.swift */; };
		3A0805EB1DEF6CFE002DB0DF /* GradientLayerAnimator.swift in Sources */ = {isa = PBXBuildFile; fileRef = 3A0805EA1DEF6CFE002DB0DF /* GradientLayerAnimator.swift */; };
		3A17EA4A1DF7EC0100031834 /* AttributedString.swift in Sources */ = {isa = PBXBuildFile; fileRef = 3A17EA491DF7EC0100031834 /* AttributedString.swift */; };
		3A17EA4C1DF7EFD500031834 /* UITapGestureRecognizer+AttributedText.swift in Sources */ = {isa = PBXBuildFile; fileRef = 3A17EA4B1DF7EFD500031834 /* UITapGestureRecognizer+AttributedText.swift */; };
		3A17EA4E1DFF57A000031834 /* UIView+Resize.swift in Sources */ = {isa = PBXBuildFile; fileRef = 3A17EA4D1DFF57A000031834 /* UIView+Resize.swift */; };
		3A17EA501DFF644C00031834 /* LineView.swift in Sources */ = {isa = PBXBuildFile; fileRef = 3A17EA4F1DFF644C00031834 /* LineView.swift */; };
		3A32A6AE1DA2E5E700AEE45F /* PhotoMetadataController.swift in Sources */ = {isa = PBXBuildFile; fileRef = 3A32A6AD1DA2E5E700AEE45F /* PhotoMetadataController.swift */; };
		3A32A6B01DA30A8500AEE45F /* LocationManager.swift in Sources */ = {isa = PBXBuildFile; fileRef = 3A32A6AF1DA30A8500AEE45F /* LocationManager.swift */; };
		3A32A6B21DA5F21C00AEE45F /* CoreDataController.swift in Sources */ = {isa = PBXBuildFile; fileRef = 3A32A6B11DA5F21C00AEE45F /* CoreDataController.swift */; };
		3A32A6B51DA5F2A600AEE45F /* FaceSnap.xcdatamodeld in Sources */ = {isa = PBXBuildFile; fileRef = 3A32A6B31DA5F2A600AEE45F /* FaceSnap.xcdatamodeld */; };
		3A32A6B71DA6060A00AEE45F /* Photo.swift in Sources */ = {isa = PBXBuildFile; fileRef = 3A32A6B61DA6060A00AEE45F /* Photo.swift */; };
		3A32A6B91DA6067E00AEE45F /* Tag.swift in Sources */ = {isa = PBXBuildFile; fileRef = 3A32A6B81DA6067E00AEE45F /* Tag.swift */; };
		3A32A6BC1DA6069900AEE45F /* Location.swift in Sources */ = {isa = PBXBuildFile; fileRef = 3A32A6BB1DA6069900AEE45F /* Location.swift */; };
		3A32A6BE1DA94AAA00AEE45F /* PhotoDataSource.swift in Sources */ = {isa = PBXBuildFile; fileRef = 3A32A6BD1DA94AAA00AEE45F /* PhotoDataSource.swift */; };
		3A32A6C01DA94BD900AEE45F /* PhotoFetchedResultsController.swift in Sources */ = {isa = PBXBuildFile; fileRef = 3A32A6BF1DA94BD900AEE45F /* PhotoFetchedResultsController.swift */; };
		3A32A6C21DA94D8F00AEE45F /* PhotoCell.swift in Sources */ = {isa = PBXBuildFile; fileRef = 3A32A6C11DA94D8F00AEE45F /* PhotoCell.swift */; };
		3A32A6C41DA95BE800AEE45F /* PhotoSortListController.swift in Sources */ = {isa = PBXBuildFile; fileRef = 3A32A6C31DA95BE800AEE45F /* PhotoSortListController.swift */; };
		3A32A6C61DA97A8E00AEE45F /* SortableDataSource.swift in Sources */ = {isa = PBXBuildFile; fileRef = 3A32A6C51DA97A8E00AEE45F /* SortableDataSource.swift */; };
		3A32A6C81DA9845500AEE45F /* SortItemSelector.swift in Sources */ = {isa = PBXBuildFile; fileRef = 3A32A6C71DA9845500AEE45F /* SortItemSelector.swift */; };
		3A32DD101DA0309100CD2669 /* AppDelegate.swift in Sources */ = {isa = PBXBuildFile; fileRef = 3A32DD0F1DA0309100CD2669 /* AppDelegate.swift */; };
		3A32DD121DA0309100CD2669 /* PhotoListController.swift in Sources */ = {isa = PBXBuildFile; fileRef = 3A32DD111DA0309100CD2669 /* PhotoListController.swift */; };
		3A32DD171DA0309100CD2669 /* Assets.xcassets in Resources */ = {isa = PBXBuildFile; fileRef = 3A32DD161DA0309100CD2669 /* Assets.xcassets */; };
		3A32DD1A1DA0309100CD2669 /* LaunchScreen.storyboard in Resources */ = {isa = PBXBuildFile; fileRef = 3A32DD181DA0309100CD2669 /* LaunchScreen.storyboard */; };
		3A32DD221DA1628800CD2669 /* MediaPickerManager.swift in Sources */ = {isa = PBXBuildFile; fileRef = 3A32DD211DA1628800CD2669 /* MediaPickerManager.swift */; };
		3A32DD281DA16C2C00CD2669 /* PhotoFilterController.swift in Sources */ = {isa = PBXBuildFile; fileRef = 3A32DD271DA16C2C00CD2669 /* PhotoFilterController.swift */; };
		3A5714B31E397709003C7BC5 /* UIImage+Size+Color.swift in Sources */ = {isa = PBXBuildFile; fileRef = 3A5714B21E397709003C7BC5 /* UIImage+Size+Color.swift */; };
		3A5714B51E398030003C7BC5 /* FeedItemSectionDelegate.swift in Sources */ = {isa = PBXBuildFile; fileRef = 3A5714B41E398030003C7BC5 /* FeedItemSectionDelegate.swift */; };
		3A74B8481E3D9DCE00408BBB /* TextSize.swift in Sources */ = {isa = PBXBuildFile; fileRef = 3A74B8471E3D9DCE00408BBB /* TextSize.swift */; };
		3A74B84F1E3E97B700408BBB /* TimeView.swift in Sources */ = {isa = PBXBuildFile; fileRef = 3A74B84D1E3E97B700408BBB /* TimeView.swift */; };
		3A74B8501E3E97B700408BBB /* TimeView.xib in Resources */ = {isa = PBXBuildFile; fileRef = 3A74B84E1E3E97B700408BBB /* TimeView.xib */; };
		3A74B8521E3E992200408BBB /* Time+Ago.swift in Sources */ = {isa = PBXBuildFile; fileRef = 3A74B8511E3E992200408BBB /* Time+Ago.swift */; };
		3A7C7FB71DEE2737008608D1 /* HomeController.swift in Sources */ = {isa = PBXBuildFile; fileRef = 3A7C7FB61DEE2737008608D1 /* HomeController.swift */; };
		3A8C1DE81E12FF370095CE32 /* UIButton+setBackgroundColor.swift in Sources */ = {isa = PBXBuildFile; fileRef = 3A8C1DE71E12FF370095CE32 /* UIButton+setBackgroundColor.swift */; };
		3A8C1DEA1E135FE10095CE32 /* EmailSignUpControllerWithAccount.swift in Sources */ = {isa = PBXBuildFile; fileRef = 3A8C1DE91E135FE10095CE32 /* EmailSignUpControllerWithAccount.swift */; };
		3A9A3B9F1E20B929008A1334 /* Formatter.swift in Sources */ = {isa = PBXBuildFile; fileRef = 3A9A3B9E1E20B929008A1334 /* Formatter.swift */; };
		3A9A3BA11E219138008A1334 /* NextButton.swift in Sources */ = {isa = PBXBuildFile; fileRef = 3A9A3BA01E219138008A1334 /* NextButton.swift */; };
		3A9A3BA31E219A5C008A1334 /* UsernameGenerator.swift in Sources */ = {isa = PBXBuildFile; fileRef = 3A9A3BA21E219A5C008A1334 /* UsernameGenerator.swift */; };
		3A9A3BA51E2416E6008A1334 /* UsernameTextField.swift in Sources */ = {isa = PBXBuildFile; fileRef = 3A9A3BA41E2416E6008A1334 /* UsernameTextField.swift */; };
		3A9A3BAA1E285E48008A1334 /* SearchNavigationController.swift in Sources */ = {isa = PBXBuildFile; fileRef = 3A9A3BA91E285E48008A1334 /* SearchNavigationController.swift */; };
		3A9A3BAC1E285E72008A1334 /* SearchController.swift in Sources */ = {isa = PBXBuildFile; fileRef = 3A9A3BAB1E285E72008A1334 /* SearchController.swift */; };
		3A9A3BAE1E285F63008A1334 /* LikesNavigationController.swift in Sources */ = {isa = PBXBuildFile; fileRef = 3A9A3BAD1E285F63008A1334 /* LikesNavigationController.swift */; };
		3A9A3BB01E285F83008A1334 /* LikesController.swift in Sources */ = {isa = PBXBuildFile; fileRef = 3A9A3BAF1E285F83008A1334 /* LikesController.swift */; };
		3A9A3BB21E285FA3008A1334 /* CameraTabBarController.swift in Sources */ = {isa = PBXBuildFile; fileRef = 3A9A3BB11E285FA3008A1334 /* CameraTabBarController.swift */; };
		3A9D88281E16014100FB928D /* FSImagePickerController.swift in Sources */ = {isa = PBXBuildFile; fileRef = 3A9D88271E16014100FB928D /* FSImagePickerController.swift */; };
		3A9D882A1E163F4600FB928D /* UIButton+setImage.swift in Sources */ = {isa = PBXBuildFile; fileRef = 3A9D88291E163F4600FB928D /* UIButton+setImage.swift */; };
		3A9D882C1E199C6100FB928D /* ImageCropHelper.swift in Sources */ = {isa = PBXBuildFile; fileRef = 3A9D882B1E199C6100FB928D /* ImageCropHelper.swift */; };
		3A9D882E1E199F6C00FB928D /* UIImage+Circle.swift in Sources */ = {isa = PBXBuildFile; fileRef = 3A9D882D1E199F6C00FB928D /* UIImage+Circle.swift */; };
		3A9D88311E1A175900FB928D /* FaceSnapsDataSource.swift in Sources */ = {isa = PBXBuildFile; fileRef = 3A9D88301E1A175900FB928D /* FaceSnapsDataSource.swift */; };
		3A9D88341E1A184A00FB928D /* FaceSnapsClient.swift in Sources */ = {isa = PBXBuildFile; fileRef = 3A9D88331E1A184A00FB928D /* FaceSnapsClient.swift */; };
		3A9D88361E1A185B00FB928D /* FaceSnapsConstants.swift in Sources */ = {isa = PBXBuildFile; fileRef = 3A9D88351E1A185B00FB928D /* FaceSnapsConstants.swift */; };
		3A9FA6181DA17FF800FDFE63 /* FilteredImageBuilder.swift in Sources */ = {isa = PBXBuildFile; fileRef = 3A9FA6171DA17FF800FDFE63 /* FilteredImageBuilder.swift */; };
		3A9FA61A1DA29BE800FDFE63 /* FilteredImageCell.swift in Sources */ = {isa = PBXBuildFile; fileRef = 3A9FA6191DA29BE800FDFE63 /* FilteredImageCell.swift */; };
		3AA3B22D1E4FEC3D0000A312 /* CommentBoxView.swift in Sources */ = {isa = PBXBuildFile; fileRef = 3AA3B22C1E4FEC3D0000A312 /* CommentBoxView.swift */; };
		3AA3B22F1E50F45F0000A312 /* UITextView+NumLines.swift in Sources */ = {isa = PBXBuildFile; fileRef = 3AA3B22E1E50F45F0000A312 /* UITextView+NumLines.swift */; };
		3AA3B2311E516FE00000A312 /* ViewAllCommentsCell.swift in Sources */ = {isa = PBXBuildFile; fileRef = 3AA3B2301E516FE00000A312 /* ViewAllCommentsCell.swift */; };
		3AA3B2331E58F0980000A312 /* APIError.swift in Sources */ = {isa = PBXBuildFile; fileRef = 3AA3B2321E58F0980000A312 /* APIError.swift */; };
		3AA3B2351E594E750000A312 /* UserOptionsViewController.swift in Sources */ = {isa = PBXBuildFile; fileRef = 3AA3B2341E594E750000A312 /* UserOptionsViewController.swift */; };
		3AA3B2391E5A90F90000A312 /* EditProfileViewController.swift in Sources */ = {isa = PBXBuildFile; fileRef = 3AA3B2381E5A90F90000A312 /* EditProfileViewController.swift */; };
		3AA3B23B1E5A95400000A312 /* EditableTableViewCell.swift in Sources */ = {isa = PBXBuildFile; fileRef = 3AA3B23A1E5A95400000A312 /* EditableTableViewCell.swift */; };
		3AA3B23D1E5A95660000A312 /* EditableTableViewCell.xib in Resources */ = {isa = PBXBuildFile; fileRef = 3AA3B23C1E5A95660000A312 /* EditableTableViewCell.xib */; };
		3AA3B23F1E5AA6270000A312 /* EditProfileHeaderView.swift in Sources */ = {isa = PBXBuildFile; fileRef = 3AA3B23E1E5AA6270000A312 /* EditProfileHeaderView.swift */; };
		3AA3B2411E5E984D0000A312 /* ChangePasswordViewController.swift in Sources */ = {isa = PBXBuildFile; fileRef = 3AA3B2401E5E984D0000A312 /* ChangePasswordViewController.swift */; };
		3AB17F9E1E02264E005E8739 /* FacebookLoginViews.swift in Sources */ = {isa = PBXBuildFile; fileRef = 3AB17F9D1E02264E005E8739 /* FacebookLoginViews.swift */; };
		3AB17FA01E02329F005E8739 /* LoginViews.swift in Sources */ = {isa = PBXBuildFile; fileRef = 3AB17F9F1E02329F005E8739 /* LoginViews.swift */; };
		3AB17FA41E04FEE9005E8739 /* InteractableLabel.swift in Sources */ = {isa = PBXBuildFile; fileRef = 3AB17FA31E04FEE9005E8739 /* InteractableLabel.swift */; };
		3AB17FAA1E0A4815005E8739 /* UIColor.swift in Sources */ = {isa = PBXBuildFile; fileRef = 3AB17FA91E0A4815005E8739 /* UIColor.swift */; };
		3AB17FAC1E0B2080005E8739 /* LoginFlowNavigationController.swift in Sources */ = {isa = PBXBuildFile; fileRef = 3AB17FAB1E0B2080005E8739 /* LoginFlowNavigationController.swift */; };
		3AB17FAE1E0B6441005E8739 /* UITextField+Blank.swift in Sources */ = {isa = PBXBuildFile; fileRef = 3AB17FAD1E0B6441005E8739 /* UITextField+Blank.swift */; };
		3AB17FB01E0B6AC3005E8739 /* UIDevice+CurrentDevice.swift in Sources */ = {isa = PBXBuildFile; fileRef = 3AB17FAF1E0B6AC3005E8739 /* UIDevice+CurrentDevice.swift */; };
		3AB17FB21E0B753D005E8739 /* SignUpController.swift in Sources */ = {isa = PBXBuildFile; fileRef = 3AB17FB11E0B753D005E8739 /* SignUpController.swift */; };
		3AB17FB61E0CEA9C005E8739 /* SignUpViews.swift in Sources */ = {isa = PBXBuildFile; fileRef = 3AB17FB51E0CEA9C005E8739 /* SignUpViews.swift */; };
		3AB17FB81E12F879005E8739 /* EmailSignUpController.swift in Sources */ = {isa = PBXBuildFile; fileRef = 3AB17FB71E12F879005E8739 /* EmailSignUpController.swift */; };
		3ABF878E1E01EB0500388866 /* SignInHelpController.swift in Sources */ = {isa = PBXBuildFile; fileRef = 3ABF878D1E01EB0500388866 /* SignInHelpController.swift */; };
		3ABF87901E01EBFF00388866 /* FaceSnapsGradient.swift in Sources */ = {isa = PBXBuildFile; fileRef = 3ABF878F1E01EBFF00388866 /* FaceSnapsGradient.swift */; };
		3AC13E781E6902440036EB87 /* ActiveLabel+Types.swift in Sources */ = {isa = PBXBuildFile; fileRef = 3AC13E771E6902440036EB87 /* ActiveLabel+Types.swift */; };
		3AC13E7A1E6C8C240036EB87 /* FSLibraryImagePickerController.swift in Sources */ = {isa = PBXBuildFile; fileRef = 3AC13E791E6C8C240036EB87 /* FSLibraryImagePickerController.swift */; };
		3AC13E7D1E6C933F0036EB87 /* FSImageCropView.swift in Sources */ = {isa = PBXBuildFile; fileRef = 3AC13E7C1E6C933F0036EB87 /* FSImageCropView.swift */; };
		3AC13E7F1E6C9B290036EB87 /* FSLibraryViewCell.swift in Sources */ = {isa = PBXBuildFile; fileRef = 3AC13E7E1E6C9B290036EB87 /* FSLibraryViewCell.swift */; };
		3AC13E811E6CA1440036EB87 /* FSLibraryViewCell.xib in Resources */ = {isa = PBXBuildFile; fileRef = 3AC13E801E6CA1440036EB87 /* FSLibraryViewCell.xib */; };
		3AC13E871E7503480036EB87 /* FSImageEditView.swift in Sources */ = {isa = PBXBuildFile; fileRef = 3AC13E861E7503480036EB87 /* FSImageEditView.swift */; };
		3AC13E891E7504B80036EB87 /* FSImageFilterView.swift in Sources */ = {isa = PBXBuildFile; fileRef = 3AC13E881E7504B80036EB87 /* FSImageFilterView.swift */; };
		3AC13E8D1E7509790036EB87 /* FSImageEditCoordinator.swift in Sources */ = {isa = PBXBuildFile; fileRef = 3AC13E8C1E7509790036EB87 /* FSImageEditCoordinator.swift */; };
		3AC13E8F1E75D71C0036EB87 /* FSImageSliderAdjustmentView.swift in Sources */ = {isa = PBXBuildFile; fileRef = 3AC13E8E1E75D71C0036EB87 /* FSImageSliderAdjustmentView.swift */; };
		3AC13E911E75E5880036EB87 /* FSImageEditViewCell.xib in Resources */ = {isa = PBXBuildFile; fileRef = 3AC13E901E75E5880036EB87 /* FSImageEditViewCell.xib */; };
		3AC13E931E75E73F0036EB87 /* FSImageEditViewCell.swift in Sources */ = {isa = PBXBuildFile; fileRef = 3AC13E921E75E73F0036EB87 /* FSImageEditViewCell.swift */; };
		3AC13E951E75ED1D0036EB87 /* FSImageEditToolsController.swift in Sources */ = {isa = PBXBuildFile; fileRef = 3AC13E941E75ED1D0036EB87 /* FSImageEditToolsController.swift */; };
		3AC13E971E7855300036EB87 /* FSImageSliderMenuView.swift in Sources */ = {isa = PBXBuildFile; fileRef = 3AC13E961E7855300036EB87 /* FSImageSliderMenuView.swift */; };
		3AC13E991E78893D0036EB87 /* FSImageSlider.swift in Sources */ = {isa = PBXBuildFile; fileRef = 3AC13E981E78893D0036EB87 /* FSImageSlider.swift */; };
		3AC13E9D1E7F825E0036EB87 /* FSTiltShiftFilter.swift in Sources */ = {isa = PBXBuildFile; fileRef = 3AC13E9C1E7F825E0036EB87 /* FSTiltShiftFilter.swift */; };
		3ADE2A641E41356500D1D4C6 /* SpinnerCell.swift in Sources */ = {isa = PBXBuildFile; fileRef = 3ADE2A631E41356500D1D4C6 /* SpinnerCell.swift */; };
		3ADE2A661E4151D900D1D4C6 /* Notification + Name.swift in Sources */ = {isa = PBXBuildFile; fileRef = 3ADE2A651E4151D900D1D4C6 /* Notification + Name.swift */; };
		3ADE2A681E41770B00D1D4C6 /* Array+RemoveObjectsInArray.swift in Sources */ = {isa = PBXBuildFile; fileRef = 3ADE2A671E41770B00D1D4C6 /* Array+RemoveObjectsInArray.swift */; };
		3ADE2A6C1E4D2F7000D1D4C6 /* CommentController.swift in Sources */ = {isa = PBXBuildFile; fileRef = 3ADE2A6B1E4D2F7000D1D4C6 /* CommentController.swift */; };
		3ADE2A6E1E4D319400D1D4C6 /* FullCommentCell.swift in Sources */ = {isa = PBXBuildFile; fileRef = 3ADE2A6D1E4D319400D1D4C6 /* FullCommentCell.swift */; };
		3ADE2A701E4D343800D1D4C6 /* CommentDelegate.swift in Sources */ = {isa = PBXBuildFile; fileRef = 3ADE2A6F1E4D343800D1D4C6 /* CommentDelegate.swift */; };
		3ADE2A741E4D692C00D1D4C6 /* CALayer+AddBorder.swift in Sources */ = {isa = PBXBuildFile; fileRef = 3ADE2A731E4D692C00D1D4C6 /* CALayer+AddBorder.swift */; };
		63326B2C9953F92A38E4C7AE /* Pods_FaceSnaps.framework in Frameworks */ = {isa = PBXBuildFile; fileRef = 8B34D4AC687307AA226D35C0 /* Pods_FaceSnaps.framework */; };
		CDCE98511DB1B75400BBB0FF /* CellAnimator.swift in Sources */ = {isa = PBXBuildFile; fileRef = CDCE98501DB1B75400BBB0FF /* CellAnimator.swift */; };
		CDD5D6021E173689007364B4 /* CameraFocusView.swift in Sources */ = {isa = PBXBuildFile; fileRef = CDD5D6011E173689007364B4 /* CameraFocusView.swift */; };
		CDE86F331DB4069E00076D65 /* UIViewControllerExtensions.swift in Sources */ = {isa = PBXBuildFile; fileRef = CDE86F321DB4069E00076D65 /* UIViewControllerExtensions.swift */; };
		CDE86F351DB43F6C00076D65 /* PhotoDeletionManager.swift in Sources */ = {isa = PBXBuildFile; fileRef = CDE86F341DB43F6C00076D65 /* PhotoDeletionManager.swift */; };
		CDE86F391DBEC66400076D65 /* Array+FilterDuplicates.swift in Sources */ = {isa = PBXBuildFile; fileRef = CDE86F381DBEC66400076D65 /* Array+FilterDuplicates.swift */; };
		D21BD4801E54A487009196C8 /* SearchManager.swift in Sources */ = {isa = PBXBuildFile; fileRef = D21BD47F1E54A487009196C8 /* SearchManager.swift */; };
		D21BD4821E54B95B009196C8 /* UISegmentedControl+Appearance.swift in Sources */ = {isa = PBXBuildFile; fileRef = D21BD4811E54B95B009196C8 /* UISegmentedControl+Appearance.swift */; };
		D21BD4841E54D1BD009196C8 /* UserSearchCell.xib in Resources */ = {isa = PBXBuildFile; fileRef = D21BD4831E54D1BD009196C8 /* UserSearchCell.xib */; };
		D21BD4861E54D1DE009196C8 /* UserSearchCell.swift in Sources */ = {isa = PBXBuildFile; fileRef = D21BD4851E54D1DE009196C8 /* UserSearchCell.swift */; };
		D21BD4881E54F9CB009196C8 /* ProfileHeaderView.swift in Sources */ = {isa = PBXBuildFile; fileRef = D21BD4871E54F9CB009196C8 /* ProfileHeaderView.swift */; };
		D21BD48C1E5F526B009196C8 /* APIResult.swift in Sources */ = {isa = PBXBuildFile; fileRef = D21BD48B1E5F526B009196C8 /* APIResult.swift */; };
		D21BD48E1E608B8B009196C8 /* CollectionViewContainer.swift in Sources */ = {isa = PBXBuildFile; fileRef = D21BD48D1E608B8B009196C8 /* CollectionViewContainer.swift */; };
		D21BD4901E609A33009196C8 /* PostsCollectionViewContainer.swift in Sources */ = {isa = PBXBuildFile; fileRef = D21BD48F1E609A33009196C8 /* PostsCollectionViewContainer.swift */; };
		D21BD4921E60D800009196C8 /* FeedItemThumbnailSectionController.swift in Sources */ = {isa = PBXBuildFile; fileRef = D21BD4911E60D800009196C8 /* FeedItemThumbnailSectionController.swift */; };
		D21BD4941E649BA0009196C8 /* UsersListViewController.swift in Sources */ = {isa = PBXBuildFile; fileRef = D21BD4931E649BA0009196C8 /* UsersListViewController.swift */; };
		D21BD4961E64C8AD009196C8 /* UserFollowCell.xib in Resources */ = {isa = PBXBuildFile; fileRef = D21BD4951E64C8AD009196C8 /* UserFollowCell.xib */; };
		D21BD4981E64C9CB009196C8 /* UserFollowCell.swift in Sources */ = {isa = PBXBuildFile; fileRef = D21BD4971E64C9CB009196C8 /* UserFollowCell.swift */; };
		D21BD49A1E69E714009196C8 /* FullCommentCell.xib in Resources */ = {isa = PBXBuildFile; fileRef = D21BD4991E69E714009196C8 /* FullCommentCell.xib */; };
		D224C65B1E36A51300AA1DC6 /* FeedItemSubSectionCell.swift in Sources */ = {isa = PBXBuildFile; fileRef = D224C65A1E36A51300AA1DC6 /* FeedItemSubSectionCell.swift */; };
		D224C65D1E36AC8D00AA1DC6 /* ControlsCell.swift in Sources */ = {isa = PBXBuildFile; fileRef = D224C65C1E36AC8D00AA1DC6 /* ControlsCell.swift */; };
		D224C65F1E36ACEC00AA1DC6 /* CaptionCell.swift in Sources */ = {isa = PBXBuildFile; fileRef = D224C65E1E36ACEC00AA1DC6 /* CaptionCell.swift */; };
		D224C6611E36AEF100AA1DC6 /* CommentCell.swift in Sources */ = {isa = PBXBuildFile; fileRef = D224C6601E36AEF100AA1DC6 /* CommentCell.swift */; };
		D2318A901E1D621D00E0347F /* APIConstants.swift in Sources */ = {isa = PBXBuildFile; fileRef = D2318A8F1E1D621D00E0347F /* APIConstants.swift */; };
		D2318A921E1D623D00E0347F /* APIClient.swift in Sources */ = {isa = PBXBuildFile; fileRef = D2318A911E1D623D00E0347F /* APIClient.swift */; };
		D24EB8901E492216003960F0 /* FaceSnapsParser.swift in Sources */ = {isa = PBXBuildFile; fileRef = D24EB88F1E492216003960F0 /* FaceSnapsParser.swift */; };
		D267035B1E256BE0001C06BE /* ImageCoder.swift in Sources */ = {isa = PBXBuildFile; fileRef = D267035A1E256BE0001C06BE /* ImageCoder.swift */; };
		D267035D1E269C9D001C06BE /* URL+Parameters.swift in Sources */ = {isa = PBXBuildFile; fileRef = D267035C1E269C9D001C06BE /* URL+Parameters.swift */; };
		D26703611E26AFFD001C06BE /* AppTabBarController.swift in Sources */ = {isa = PBXBuildFile; fileRef = D26703601E26AFFD001C06BE /* AppTabBarController.swift */; };
		D26703631E26D1B1001C06BE /* ProfileNavigationController.swift in Sources */ = {isa = PBXBuildFile; fileRef = D26703621E26D1B1001C06BE /* ProfileNavigationController.swift */; };
		D26703661E26D2B8001C06BE /* ProfileController.swift in Sources */ = {isa = PBXBuildFile; fileRef = D26703651E26D2B8001C06BE /* ProfileController.swift */; };
		D26703691E26D8E1001C06BE /* HomeNavigationController.swift in Sources */ = {isa = PBXBuildFile; fileRef = D26703681E26D8E1001C06BE /* HomeNavigationController.swift */; };
		D267036C1E2D448F001C06BE /* FeedItemSectionController.swift in Sources */ = {isa = PBXBuildFile; fileRef = D267036B1E2D448F001C06BE /* FeedItemSectionController.swift */; };
		D28186D01E79AADB00EC7D23 /* FSImageEditFilterManager.swift in Sources */ = {isa = PBXBuildFile; fileRef = D28186CF1E79AADB00EC7D23 /* FSImageEditFilterManager.swift */; };
		D28186D21E79C50100EC7D23 /* CIImageView.swift in Sources */ = {isa = PBXBuildFile; fileRef = D28186D11E79C50100EC7D23 /* CIImageView.swift */; };
		D2AA025A1E7C3B400000E0BD /* FSImageAdjustmentType.swift in Sources */ = {isa = PBXBuildFile; fileRef = D2AA02591E7C3B400000E0BD /* FSImageAdjustmentType.swift */; };
		D2DEE0051E1EF4D4004BCEF7 /* Strongbox.swift in Sources */ = {isa = PBXBuildFile; fileRef = D2DEE0041E1EF4D4004BCEF7 /* Strongbox.swift */; };
		D2DEE0081E204899004BCEF7 /* UsernameSignUpController.swift in Sources */ = {isa = PBXBuildFile; fileRef = D2DEE0071E204899004BCEF7 /* UsernameSignUpController.swift */; };
		D2F1A2421E6F27E200EFC6C8 /* ImagePickerNavigationController.swift in Sources */ = {isa = PBXBuildFile; fileRef = D2F1A2411E6F27E200EFC6C8 /* ImagePickerNavigationController.swift */; };
		D2F8D2EC1E2D615400723204 /* UserHeaderView.swift in Sources */ = {isa = PBXBuildFile; fileRef = D2F8D2EB1E2D615400723204 /* UserHeaderView.swift */; };
		D2F8D2F01E2D630800723204 /* ImageCell.swift in Sources */ = {isa = PBXBuildFile; fileRef = D2F8D2EF1E2D630800723204 /* ImageCell.swift */; };
		D2F8D2F21E2D63D600723204 /* FeedItem.swift in Sources */ = {isa = PBXBuildFile; fileRef = D2F8D2F11E2D63D600723204 /* FeedItem.swift */; };
		D2F8D2F41E2D644600723204 /* Comment.swift in Sources */ = {isa = PBXBuildFile; fileRef = D2F8D2F31E2D644600723204 /* Comment.swift */; };
		D2F8D2F61E2D644C00723204 /* User.swift in Sources */ = {isa = PBXBuildFile; fileRef = D2F8D2F51E2D644C00723204 /* User.swift */; };
		D2F8D2F81E2E64B900723204 /* LikesViewCell.swift in Sources */ = {isa = PBXBuildFile; fileRef = D2F8D2F71E2E64B900723204 /* LikesViewCell.swift */; };
/* End PBXBuildFile section */

/* Begin PBXFileReference section */
		39E323E2EB82704E9F8D43DC /* Pods-FaceSnaps.release.xcconfig */ = {isa = PBXFileReference; includeInIndex = 1; lastKnownFileType = text.xcconfig; name = "Pods-FaceSnaps.release.xcconfig"; path = "Pods/Target Support Files/Pods-FaceSnaps/Pods-FaceSnaps.release.xcconfig"; sourceTree = "<group>"; };
		3A0805E61DEE2D01002DB0DF /* LoginController.swift */ = {isa = PBXFileReference; fileEncoding = 4; lastKnownFileType = sourcecode.swift; path = LoginController.swift; sourceTree = "<group>"; };
		3A0805E81DEE5134002DB0DF /* LoginTextField.swift */ = {isa = PBXFileReference; fileEncoding = 4; lastKnownFileType = sourcecode.swift; path = LoginTextField.swift; sourceTree = "<group>"; };
		3A0805EA1DEF6CFE002DB0DF /* GradientLayerAnimator.swift */ = {isa = PBXFileReference; fileEncoding = 4; lastKnownFileType = sourcecode.swift; path = GradientLayerAnimator.swift; sourceTree = "<group>"; };
		3A17EA491DF7EC0100031834 /* AttributedString.swift */ = {isa = PBXFileReference; fileEncoding = 4; lastKnownFileType = sourcecode.swift; path = AttributedString.swift; sourceTree = "<group>"; };
		3A17EA4B1DF7EFD500031834 /* UITapGestureRecognizer+AttributedText.swift */ = {isa = PBXFileReference; fileEncoding = 4; lastKnownFileType = sourcecode.swift; path = "UITapGestureRecognizer+AttributedText.swift"; sourceTree = "<group>"; };
		3A17EA4D1DFF57A000031834 /* UIView+Resize.swift */ = {isa = PBXFileReference; fileEncoding = 4; lastKnownFileType = sourcecode.swift; path = "UIView+Resize.swift"; sourceTree = "<group>"; };
		3A17EA4F1DFF644C00031834 /* LineView.swift */ = {isa = PBXFileReference; fileEncoding = 4; lastKnownFileType = sourcecode.swift; path = LineView.swift; sourceTree = "<group>"; };
		3A32A6AD1DA2E5E700AEE45F /* PhotoMetadataController.swift */ = {isa = PBXFileReference; fileEncoding = 4; lastKnownFileType = sourcecode.swift; path = PhotoMetadataController.swift; sourceTree = "<group>"; };
		3A32A6AF1DA30A8500AEE45F /* LocationManager.swift */ = {isa = PBXFileReference; fileEncoding = 4; lastKnownFileType = sourcecode.swift; path = LocationManager.swift; sourceTree = "<group>"; };
		3A32A6B11DA5F21C00AEE45F /* CoreDataController.swift */ = {isa = PBXFileReference; fileEncoding = 4; lastKnownFileType = sourcecode.swift; path = CoreDataController.swift; sourceTree = "<group>"; };
		3A32A6B41DA5F2A600AEE45F /* FaceSnap.xcdatamodel */ = {isa = PBXFileReference; lastKnownFileType = wrapper.xcdatamodel; path = FaceSnap.xcdatamodel; sourceTree = "<group>"; };
		3A32A6B61DA6060A00AEE45F /* Photo.swift */ = {isa = PBXFileReference; fileEncoding = 4; lastKnownFileType = sourcecode.swift; path = Photo.swift; sourceTree = "<group>"; };
		3A32A6B81DA6067E00AEE45F /* Tag.swift */ = {isa = PBXFileReference; fileEncoding = 4; lastKnownFileType = sourcecode.swift; path = Tag.swift; sourceTree = "<group>"; };
		3A32A6BB1DA6069900AEE45F /* Location.swift */ = {isa = PBXFileReference; fileEncoding = 4; lastKnownFileType = sourcecode.swift; path = Location.swift; sourceTree = "<group>"; };
		3A32A6BD1DA94AAA00AEE45F /* PhotoDataSource.swift */ = {isa = PBXFileReference; fileEncoding = 4; lastKnownFileType = sourcecode.swift; path = PhotoDataSource.swift; sourceTree = "<group>"; };
		3A32A6BF1DA94BD900AEE45F /* PhotoFetchedResultsController.swift */ = {isa = PBXFileReference; fileEncoding = 4; lastKnownFileType = sourcecode.swift; path = PhotoFetchedResultsController.swift; sourceTree = "<group>"; };
		3A32A6C11DA94D8F00AEE45F /* PhotoCell.swift */ = {isa = PBXFileReference; fileEncoding = 4; lastKnownFileType = sourcecode.swift; path = PhotoCell.swift; sourceTree = "<group>"; };
		3A32A6C31DA95BE800AEE45F /* PhotoSortListController.swift */ = {isa = PBXFileReference; fileEncoding = 4; lastKnownFileType = sourcecode.swift; path = PhotoSortListController.swift; sourceTree = "<group>"; };
		3A32A6C51DA97A8E00AEE45F /* SortableDataSource.swift */ = {isa = PBXFileReference; fileEncoding = 4; lastKnownFileType = sourcecode.swift; path = SortableDataSource.swift; sourceTree = "<group>"; };
		3A32A6C71DA9845500AEE45F /* SortItemSelector.swift */ = {isa = PBXFileReference; fileEncoding = 4; lastKnownFileType = sourcecode.swift; path = SortItemSelector.swift; sourceTree = "<group>"; };
		3A32DD0C1DA0309100CD2669 /* FaceSnaps.app */ = {isa = PBXFileReference; explicitFileType = wrapper.application; includeInIndex = 0; path = FaceSnaps.app; sourceTree = BUILT_PRODUCTS_DIR; };
		3A32DD0F1DA0309100CD2669 /* AppDelegate.swift */ = {isa = PBXFileReference; lastKnownFileType = sourcecode.swift; path = AppDelegate.swift; sourceTree = "<group>"; };
		3A32DD111DA0309100CD2669 /* PhotoListController.swift */ = {isa = PBXFileReference; lastKnownFileType = sourcecode.swift; path = PhotoListController.swift; sourceTree = "<group>"; };
		3A32DD161DA0309100CD2669 /* Assets.xcassets */ = {isa = PBXFileReference; lastKnownFileType = folder.assetcatalog; path = Assets.xcassets; sourceTree = "<group>"; };
		3A32DD191DA0309100CD2669 /* Base */ = {isa = PBXFileReference; lastKnownFileType = file.storyboard; name = Base; path = Base.lproj/LaunchScreen.storyboard; sourceTree = "<group>"; };
		3A32DD1B1DA0309100CD2669 /* Info.plist */ = {isa = PBXFileReference; lastKnownFileType = text.plist.xml; path = Info.plist; sourceTree = "<group>"; };
		3A32DD211DA1628800CD2669 /* MediaPickerManager.swift */ = {isa = PBXFileReference; fileEncoding = 4; lastKnownFileType = sourcecode.swift; path = MediaPickerManager.swift; sourceTree = "<group>"; };
		3A32DD271DA16C2C00CD2669 /* PhotoFilterController.swift */ = {isa = PBXFileReference; fileEncoding = 4; lastKnownFileType = sourcecode.swift; path = PhotoFilterController.swift; sourceTree = "<group>"; };
		3A5714B21E397709003C7BC5 /* UIImage+Size+Color.swift */ = {isa = PBXFileReference; fileEncoding = 4; lastKnownFileType = sourcecode.swift; path = "UIImage+Size+Color.swift"; sourceTree = "<group>"; };
		3A5714B41E398030003C7BC5 /* FeedItemSectionDelegate.swift */ = {isa = PBXFileReference; fileEncoding = 4; lastKnownFileType = sourcecode.swift; path = FeedItemSectionDelegate.swift; sourceTree = "<group>"; };
		3A74B8471E3D9DCE00408BBB /* TextSize.swift */ = {isa = PBXFileReference; fileEncoding = 4; lastKnownFileType = sourcecode.swift; path = TextSize.swift; sourceTree = "<group>"; };
		3A74B84D1E3E97B700408BBB /* TimeView.swift */ = {isa = PBXFileReference; fileEncoding = 4; lastKnownFileType = sourcecode.swift; path = TimeView.swift; sourceTree = "<group>"; };
		3A74B84E1E3E97B700408BBB /* TimeView.xib */ = {isa = PBXFileReference; fileEncoding = 4; lastKnownFileType = file.xib; path = TimeView.xib; sourceTree = "<group>"; };
		3A74B8511E3E992200408BBB /* Time+Ago.swift */ = {isa = PBXFileReference; fileEncoding = 4; lastKnownFileType = sourcecode.swift; path = "Time+Ago.swift"; sourceTree = "<group>"; };
		3A7C7FB61DEE2737008608D1 /* HomeController.swift */ = {isa = PBXFileReference; fileEncoding = 4; lastKnownFileType = sourcecode.swift; path = HomeController.swift; sourceTree = "<group>"; };
		3A8C1DE71E12FF370095CE32 /* UIButton+setBackgroundColor.swift */ = {isa = PBXFileReference; fileEncoding = 4; lastKnownFileType = sourcecode.swift; path = "UIButton+setBackgroundColor.swift"; sourceTree = "<group>"; };
		3A8C1DE91E135FE10095CE32 /* EmailSignUpControllerWithAccount.swift */ = {isa = PBXFileReference; fileEncoding = 4; lastKnownFileType = sourcecode.swift; path = EmailSignUpControllerWithAccount.swift; sourceTree = "<group>"; };
		3A9A3B9E1E20B929008A1334 /* Formatter.swift */ = {isa = PBXFileReference; fileEncoding = 4; lastKnownFileType = sourcecode.swift; path = Formatter.swift; sourceTree = "<group>"; };
		3A9A3BA01E219138008A1334 /* NextButton.swift */ = {isa = PBXFileReference; fileEncoding = 4; lastKnownFileType = sourcecode.swift; path = NextButton.swift; sourceTree = "<group>"; };
		3A9A3BA21E219A5C008A1334 /* UsernameGenerator.swift */ = {isa = PBXFileReference; fileEncoding = 4; lastKnownFileType = sourcecode.swift; path = UsernameGenerator.swift; sourceTree = "<group>"; };
		3A9A3BA41E2416E6008A1334 /* UsernameTextField.swift */ = {isa = PBXFileReference; fileEncoding = 4; lastKnownFileType = sourcecode.swift; path = UsernameTextField.swift; sourceTree = "<group>"; };
		3A9A3BA91E285E48008A1334 /* SearchNavigationController.swift */ = {isa = PBXFileReference; fileEncoding = 4; lastKnownFileType = sourcecode.swift; path = SearchNavigationController.swift; sourceTree = "<group>"; };
		3A9A3BAB1E285E72008A1334 /* SearchController.swift */ = {isa = PBXFileReference; fileEncoding = 4; lastKnownFileType = sourcecode.swift; path = SearchController.swift; sourceTree = "<group>"; };
		3A9A3BAD1E285F63008A1334 /* LikesNavigationController.swift */ = {isa = PBXFileReference; fileEncoding = 4; lastKnownFileType = sourcecode.swift; path = LikesNavigationController.swift; sourceTree = "<group>"; };
		3A9A3BAF1E285F83008A1334 /* LikesController.swift */ = {isa = PBXFileReference; fileEncoding = 4; lastKnownFileType = sourcecode.swift; path = LikesController.swift; sourceTree = "<group>"; };
		3A9A3BB11E285FA3008A1334 /* CameraTabBarController.swift */ = {isa = PBXFileReference; fileEncoding = 4; lastKnownFileType = sourcecode.swift; path = CameraTabBarController.swift; sourceTree = "<group>"; };
		3A9D88271E16014100FB928D /* FSImagePickerController.swift */ = {isa = PBXFileReference; fileEncoding = 4; lastKnownFileType = sourcecode.swift; path = FSImagePickerController.swift; sourceTree = "<group>"; };
		3A9D88291E163F4600FB928D /* UIButton+setImage.swift */ = {isa = PBXFileReference; fileEncoding = 4; lastKnownFileType = sourcecode.swift; path = "UIButton+setImage.swift"; sourceTree = "<group>"; };
		3A9D882B1E199C6100FB928D /* ImageCropHelper.swift */ = {isa = PBXFileReference; fileEncoding = 4; lastKnownFileType = sourcecode.swift; path = ImageCropHelper.swift; sourceTree = "<group>"; };
		3A9D882D1E199F6C00FB928D /* UIImage+Circle.swift */ = {isa = PBXFileReference; fileEncoding = 4; lastKnownFileType = sourcecode.swift; path = "UIImage+Circle.swift"; sourceTree = "<group>"; };
		3A9D88301E1A175900FB928D /* FaceSnapsDataSource.swift */ = {isa = PBXFileReference; fileEncoding = 4; lastKnownFileType = sourcecode.swift; path = FaceSnapsDataSource.swift; sourceTree = "<group>"; };
		3A9D88331E1A184A00FB928D /* FaceSnapsClient.swift */ = {isa = PBXFileReference; fileEncoding = 4; lastKnownFileType = sourcecode.swift; path = FaceSnapsClient.swift; sourceTree = "<group>"; };
		3A9D88351E1A185B00FB928D /* FaceSnapsConstants.swift */ = {isa = PBXFileReference; fileEncoding = 4; lastKnownFileType = sourcecode.swift; path = FaceSnapsConstants.swift; sourceTree = "<group>"; };
		3A9FA6171DA17FF800FDFE63 /* FilteredImageBuilder.swift */ = {isa = PBXFileReference; fileEncoding = 4; lastKnownFileType = sourcecode.swift; path = FilteredImageBuilder.swift; sourceTree = "<group>"; };
		3A9FA6191DA29BE800FDFE63 /* FilteredImageCell.swift */ = {isa = PBXFileReference; fileEncoding = 4; lastKnownFileType = sourcecode.swift; path = FilteredImageCell.swift; sourceTree = "<group>"; };
		3AA3B22C1E4FEC3D0000A312 /* CommentBoxView.swift */ = {isa = PBXFileReference; fileEncoding = 4; lastKnownFileType = sourcecode.swift; path = CommentBoxView.swift; sourceTree = "<group>"; };
		3AA3B22E1E50F45F0000A312 /* UITextView+NumLines.swift */ = {isa = PBXFileReference; fileEncoding = 4; lastKnownFileType = sourcecode.swift; path = "UITextView+NumLines.swift"; sourceTree = "<group>"; };
		3AA3B2301E516FE00000A312 /* ViewAllCommentsCell.swift */ = {isa = PBXFileReference; fileEncoding = 4; lastKnownFileType = sourcecode.swift; path = ViewAllCommentsCell.swift; sourceTree = "<group>"; };
		3AA3B2321E58F0980000A312 /* APIError.swift */ = {isa = PBXFileReference; fileEncoding = 4; lastKnownFileType = sourcecode.swift; path = APIError.swift; sourceTree = "<group>"; };
		3AA3B2341E594E750000A312 /* UserOptionsViewController.swift */ = {isa = PBXFileReference; fileEncoding = 4; lastKnownFileType = sourcecode.swift; path = UserOptionsViewController.swift; sourceTree = "<group>"; };
		3AA3B2381E5A90F90000A312 /* EditProfileViewController.swift */ = {isa = PBXFileReference; fileEncoding = 4; lastKnownFileType = sourcecode.swift; path = EditProfileViewController.swift; sourceTree = "<group>"; };
		3AA3B23A1E5A95400000A312 /* EditableTableViewCell.swift */ = {isa = PBXFileReference; fileEncoding = 4; lastKnownFileType = sourcecode.swift; path = EditableTableViewCell.swift; sourceTree = "<group>"; };
		3AA3B23C1E5A95660000A312 /* EditableTableViewCell.xib */ = {isa = PBXFileReference; fileEncoding = 4; lastKnownFileType = file.xib; path = EditableTableViewCell.xib; sourceTree = "<group>"; };
		3AA3B23E1E5AA6270000A312 /* EditProfileHeaderView.swift */ = {isa = PBXFileReference; fileEncoding = 4; lastKnownFileType = sourcecode.swift; path = EditProfileHeaderView.swift; sourceTree = "<group>"; };
		3AA3B2401E5E984D0000A312 /* ChangePasswordViewController.swift */ = {isa = PBXFileReference; fileEncoding = 4; lastKnownFileType = sourcecode.swift; path = ChangePasswordViewController.swift; sourceTree = "<group>"; };
		3AB17F9D1E02264E005E8739 /* FacebookLoginViews.swift */ = {isa = PBXFileReference; fileEncoding = 4; lastKnownFileType = sourcecode.swift; path = FacebookLoginViews.swift; sourceTree = "<group>"; };
		3AB17F9F1E02329F005E8739 /* LoginViews.swift */ = {isa = PBXFileReference; fileEncoding = 4; lastKnownFileType = sourcecode.swift; path = LoginViews.swift; sourceTree = "<group>"; };
		3AB17FA31E04FEE9005E8739 /* InteractableLabel.swift */ = {isa = PBXFileReference; fileEncoding = 4; lastKnownFileType = sourcecode.swift; path = InteractableLabel.swift; sourceTree = "<group>"; };
		3AB17FA91E0A4815005E8739 /* UIColor.swift */ = {isa = PBXFileReference; fileEncoding = 4; lastKnownFileType = sourcecode.swift; path = UIColor.swift; sourceTree = "<group>"; };
		3AB17FAB1E0B2080005E8739 /* LoginFlowNavigationController.swift */ = {isa = PBXFileReference; fileEncoding = 4; lastKnownFileType = sourcecode.swift; path = LoginFlowNavigationController.swift; sourceTree = "<group>"; };
		3AB17FAD1E0B6441005E8739 /* UITextField+Blank.swift */ = {isa = PBXFileReference; fileEncoding = 4; lastKnownFileType = sourcecode.swift; path = "UITextField+Blank.swift"; sourceTree = "<group>"; };
		3AB17FAF1E0B6AC3005E8739 /* UIDevice+CurrentDevice.swift */ = {isa = PBXFileReference; fileEncoding = 4; lastKnownFileType = sourcecode.swift; path = "UIDevice+CurrentDevice.swift"; sourceTree = "<group>"; };
		3AB17FB11E0B753D005E8739 /* SignUpController.swift */ = {isa = PBXFileReference; fileEncoding = 4; lastKnownFileType = sourcecode.swift; path = SignUpController.swift; sourceTree = "<group>"; };
		3AB17FB51E0CEA9C005E8739 /* SignUpViews.swift */ = {isa = PBXFileReference; fileEncoding = 4; lastKnownFileType = sourcecode.swift; path = SignUpViews.swift; sourceTree = "<group>"; };
		3AB17FB71E12F879005E8739 /* EmailSignUpController.swift */ = {isa = PBXFileReference; fileEncoding = 4; lastKnownFileType = sourcecode.swift; path = EmailSignUpController.swift; sourceTree = "<group>"; };
		3ABF878D1E01EB0500388866 /* SignInHelpController.swift */ = {isa = PBXFileReference; fileEncoding = 4; lastKnownFileType = sourcecode.swift; path = SignInHelpController.swift; sourceTree = "<group>"; };
		3ABF878F1E01EBFF00388866 /* FaceSnapsGradient.swift */ = {isa = PBXFileReference; fileEncoding = 4; lastKnownFileType = sourcecode.swift; path = FaceSnapsGradient.swift; sourceTree = "<group>"; };
		3AC13E771E6902440036EB87 /* ActiveLabel+Types.swift */ = {isa = PBXFileReference; fileEncoding = 4; lastKnownFileType = sourcecode.swift; path = "ActiveLabel+Types.swift"; sourceTree = "<group>"; };
		3AC13E791E6C8C240036EB87 /* FSLibraryImagePickerController.swift */ = {isa = PBXFileReference; fileEncoding = 4; lastKnownFileType = sourcecode.swift; path = FSLibraryImagePickerController.swift; sourceTree = "<group>"; };
		3AC13E7C1E6C933F0036EB87 /* FSImageCropView.swift */ = {isa = PBXFileReference; fileEncoding = 4; lastKnownFileType = sourcecode.swift; path = FSImageCropView.swift; sourceTree = "<group>"; };
		3AC13E7E1E6C9B290036EB87 /* FSLibraryViewCell.swift */ = {isa = PBXFileReference; fileEncoding = 4; lastKnownFileType = sourcecode.swift; path = FSLibraryViewCell.swift; sourceTree = "<group>"; };
		3AC13E801E6CA1440036EB87 /* FSLibraryViewCell.xib */ = {isa = PBXFileReference; fileEncoding = 4; lastKnownFileType = file.xib; path = FSLibraryViewCell.xib; sourceTree = "<group>"; };
		3AC13E861E7503480036EB87 /* FSImageEditView.swift */ = {isa = PBXFileReference; fileEncoding = 4; lastKnownFileType = sourcecode.swift; path = FSImageEditView.swift; sourceTree = "<group>"; };
		3AC13E881E7504B80036EB87 /* FSImageFilterView.swift */ = {isa = PBXFileReference; fileEncoding = 4; lastKnownFileType = sourcecode.swift; path = FSImageFilterView.swift; sourceTree = "<group>"; };
		3AC13E8C1E7509790036EB87 /* FSImageEditCoordinator.swift */ = {isa = PBXFileReference; fileEncoding = 4; lastKnownFileType = sourcecode.swift; path = FSImageEditCoordinator.swift; sourceTree = "<group>"; };
		3AC13E8E1E75D71C0036EB87 /* FSImageSliderAdjustmentView.swift */ = {isa = PBXFileReference; fileEncoding = 4; lastKnownFileType = sourcecode.swift; path = FSImageSliderAdjustmentView.swift; sourceTree = "<group>"; };
		3AC13E901E75E5880036EB87 /* FSImageEditViewCell.xib */ = {isa = PBXFileReference; fileEncoding = 4; lastKnownFileType = file.xib; path = FSImageEditViewCell.xib; sourceTree = "<group>"; };
		3AC13E921E75E73F0036EB87 /* FSImageEditViewCell.swift */ = {isa = PBXFileReference; fileEncoding = 4; lastKnownFileType = sourcecode.swift; path = FSImageEditViewCell.swift; sourceTree = "<group>"; };
		3AC13E941E75ED1D0036EB87 /* FSImageEditToolsController.swift */ = {isa = PBXFileReference; fileEncoding = 4; lastKnownFileType = sourcecode.swift; path = FSImageEditToolsController.swift; sourceTree = "<group>"; };
		3AC13E961E7855300036EB87 /* FSImageSliderMenuView.swift */ = {isa = PBXFileReference; fileEncoding = 4; lastKnownFileType = sourcecode.swift; path = FSImageSliderMenuView.swift; sourceTree = "<group>"; };
		3AC13E981E78893D0036EB87 /* FSImageSlider.swift */ = {isa = PBXFileReference; fileEncoding = 4; lastKnownFileType = sourcecode.swift; path = FSImageSlider.swift; sourceTree = "<group>"; };
		3AC13E9C1E7F825E0036EB87 /* FSTiltShiftFilter.swift */ = {isa = PBXFileReference; fileEncoding = 4; lastKnownFileType = sourcecode.swift; path = FSTiltShiftFilter.swift; sourceTree = "<group>"; };
		3ADE2A631E41356500D1D4C6 /* SpinnerCell.swift */ = {isa = PBXFileReference; fileEncoding = 4; lastKnownFileType = sourcecode.swift; path = SpinnerCell.swift; sourceTree = "<group>"; };
		3ADE2A651E4151D900D1D4C6 /* Notification + Name.swift */ = {isa = PBXFileReference; fileEncoding = 4; lastKnownFileType = sourcecode.swift; path = "Notification + Name.swift"; sourceTree = "<group>"; };
		3ADE2A671E41770B00D1D4C6 /* Array+RemoveObjectsInArray.swift */ = {isa = PBXFileReference; fileEncoding = 4; lastKnownFileType = sourcecode.swift; path = "Array+RemoveObjectsInArray.swift"; sourceTree = "<group>"; };
		3ADE2A6B1E4D2F7000D1D4C6 /* CommentController.swift */ = {isa = PBXFileReference; fileEncoding = 4; lastKnownFileType = sourcecode.swift; path = CommentController.swift; sourceTree = "<group>"; };
		3ADE2A6D1E4D319400D1D4C6 /* FullCommentCell.swift */ = {isa = PBXFileReference; fileEncoding = 4; lastKnownFileType = sourcecode.swift; path = FullCommentCell.swift; sourceTree = "<group>"; };
		3ADE2A6F1E4D343800D1D4C6 /* CommentDelegate.swift */ = {isa = PBXFileReference; fileEncoding = 4; lastKnownFileType = sourcecode.swift; path = CommentDelegate.swift; sourceTree = "<group>"; };
		3ADE2A731E4D692C00D1D4C6 /* CALayer+AddBorder.swift */ = {isa = PBXFileReference; fileEncoding = 4; lastKnownFileType = sourcecode.swift; path = "CALayer+AddBorder.swift"; sourceTree = "<group>"; };
		8B34D4AC687307AA226D35C0 /* Pods_FaceSnaps.framework */ = {isa = PBXFileReference; explicitFileType = wrapper.framework; includeInIndex = 0; path = Pods_FaceSnaps.framework; sourceTree = BUILT_PRODUCTS_DIR; };
		96DFA07437B7867F08D307F4 /* Pods-FaceSnaps.debug.xcconfig */ = {isa = PBXFileReference; includeInIndex = 1; lastKnownFileType = text.xcconfig; name = "Pods-FaceSnaps.debug.xcconfig"; path = "Pods/Target Support Files/Pods-FaceSnaps/Pods-FaceSnaps.debug.xcconfig"; sourceTree = "<group>"; };
		CDCE98501DB1B75400BBB0FF /* CellAnimator.swift */ = {isa = PBXFileReference; fileEncoding = 4; lastKnownFileType = sourcecode.swift; path = CellAnimator.swift; sourceTree = "<group>"; };
		CDD5D6011E173689007364B4 /* CameraFocusView.swift */ = {isa = PBXFileReference; fileEncoding = 4; lastKnownFileType = sourcecode.swift; path = CameraFocusView.swift; sourceTree = "<group>"; };
		CDE86F321DB4069E00076D65 /* UIViewControllerExtensions.swift */ = {isa = PBXFileReference; fileEncoding = 4; lastKnownFileType = sourcecode.swift; path = UIViewControllerExtensions.swift; sourceTree = "<group>"; };
		CDE86F341DB43F6C00076D65 /* PhotoDeletionManager.swift */ = {isa = PBXFileReference; fileEncoding = 4; lastKnownFileType = sourcecode.swift; path = PhotoDeletionManager.swift; sourceTree = "<group>"; };
		CDE86F381DBEC66400076D65 /* Array+FilterDuplicates.swift */ = {isa = PBXFileReference; fileEncoding = 4; lastKnownFileType = sourcecode.swift; path = "Array+FilterDuplicates.swift"; sourceTree = "<group>"; };
		D21BD47F1E54A487009196C8 /* SearchManager.swift */ = {isa = PBXFileReference; fileEncoding = 4; lastKnownFileType = sourcecode.swift; path = SearchManager.swift; sourceTree = "<group>"; };
		D21BD4811E54B95B009196C8 /* UISegmentedControl+Appearance.swift */ = {isa = PBXFileReference; fileEncoding = 4; lastKnownFileType = sourcecode.swift; path = "UISegmentedControl+Appearance.swift"; sourceTree = "<group>"; };
		D21BD4831E54D1BD009196C8 /* UserSearchCell.xib */ = {isa = PBXFileReference; fileEncoding = 4; lastKnownFileType = file.xib; path = UserSearchCell.xib; sourceTree = "<group>"; };
		D21BD4851E54D1DE009196C8 /* UserSearchCell.swift */ = {isa = PBXFileReference; fileEncoding = 4; lastKnownFileType = sourcecode.swift; path = UserSearchCell.swift; sourceTree = "<group>"; };
		D21BD4871E54F9CB009196C8 /* ProfileHeaderView.swift */ = {isa = PBXFileReference; fileEncoding = 4; lastKnownFileType = sourcecode.swift; path = ProfileHeaderView.swift; sourceTree = "<group>"; };
		D21BD48B1E5F526B009196C8 /* APIResult.swift */ = {isa = PBXFileReference; fileEncoding = 4; lastKnownFileType = sourcecode.swift; path = APIResult.swift; sourceTree = "<group>"; };
		D21BD48D1E608B8B009196C8 /* CollectionViewContainer.swift */ = {isa = PBXFileReference; fileEncoding = 4; lastKnownFileType = sourcecode.swift; path = CollectionViewContainer.swift; sourceTree = "<group>"; };
		D21BD48F1E609A33009196C8 /* PostsCollectionViewContainer.swift */ = {isa = PBXFileReference; fileEncoding = 4; lastKnownFileType = sourcecode.swift; path = PostsCollectionViewContainer.swift; sourceTree = "<group>"; };
		D21BD4911E60D800009196C8 /* FeedItemThumbnailSectionController.swift */ = {isa = PBXFileReference; fileEncoding = 4; lastKnownFileType = sourcecode.swift; path = FeedItemThumbnailSectionController.swift; sourceTree = "<group>"; };
		D21BD4931E649BA0009196C8 /* UsersListViewController.swift */ = {isa = PBXFileReference; fileEncoding = 4; lastKnownFileType = sourcecode.swift; path = UsersListViewController.swift; sourceTree = "<group>"; };
		D21BD4951E64C8AD009196C8 /* UserFollowCell.xib */ = {isa = PBXFileReference; fileEncoding = 4; lastKnownFileType = file.xib; path = UserFollowCell.xib; sourceTree = "<group>"; };
		D21BD4971E64C9CB009196C8 /* UserFollowCell.swift */ = {isa = PBXFileReference; fileEncoding = 4; lastKnownFileType = sourcecode.swift; path = UserFollowCell.swift; sourceTree = "<group>"; };
		D21BD4991E69E714009196C8 /* FullCommentCell.xib */ = {isa = PBXFileReference; fileEncoding = 4; lastKnownFileType = file.xib; path = FullCommentCell.xib; sourceTree = "<group>"; };
		D224C65A1E36A51300AA1DC6 /* FeedItemSubSectionCell.swift */ = {isa = PBXFileReference; fileEncoding = 4; lastKnownFileType = sourcecode.swift; path = FeedItemSubSectionCell.swift; sourceTree = "<group>"; };
		D224C65C1E36AC8D00AA1DC6 /* ControlsCell.swift */ = {isa = PBXFileReference; fileEncoding = 4; lastKnownFileType = sourcecode.swift; path = ControlsCell.swift; sourceTree = "<group>"; };
		D224C65E1E36ACEC00AA1DC6 /* CaptionCell.swift */ = {isa = PBXFileReference; fileEncoding = 4; lastKnownFileType = sourcecode.swift; path = CaptionCell.swift; sourceTree = "<group>"; };
		D224C6601E36AEF100AA1DC6 /* CommentCell.swift */ = {isa = PBXFileReference; fileEncoding = 4; lastKnownFileType = sourcecode.swift; path = CommentCell.swift; sourceTree = "<group>"; };
		D2318A8F1E1D621D00E0347F /* APIConstants.swift */ = {isa = PBXFileReference; fileEncoding = 4; lastKnownFileType = sourcecode.swift; path = APIConstants.swift; sourceTree = "<group>"; };
		D2318A911E1D623D00E0347F /* APIClient.swift */ = {isa = PBXFileReference; fileEncoding = 4; lastKnownFileType = sourcecode.swift; path = APIClient.swift; sourceTree = "<group>"; };
		D24EB88F1E492216003960F0 /* FaceSnapsParser.swift */ = {isa = PBXFileReference; fileEncoding = 4; lastKnownFileType = sourcecode.swift; path = FaceSnapsParser.swift; sourceTree = "<group>"; };
		D267035A1E256BE0001C06BE /* ImageCoder.swift */ = {isa = PBXFileReference; fileEncoding = 4; lastKnownFileType = sourcecode.swift; path = ImageCoder.swift; sourceTree = "<group>"; };
		D267035C1E269C9D001C06BE /* URL+Parameters.swift */ = {isa = PBXFileReference; fileEncoding = 4; lastKnownFileType = sourcecode.swift; path = "URL+Parameters.swift"; sourceTree = "<group>"; };
		D26703601E26AFFD001C06BE /* AppTabBarController.swift */ = {isa = PBXFileReference; fileEncoding = 4; lastKnownFileType = sourcecode.swift; path = AppTabBarController.swift; sourceTree = "<group>"; };
		D26703621E26D1B1001C06BE /* ProfileNavigationController.swift */ = {isa = PBXFileReference; fileEncoding = 4; lastKnownFileType = sourcecode.swift; path = ProfileNavigationController.swift; sourceTree = "<group>"; };
		D26703651E26D2B8001C06BE /* ProfileController.swift */ = {isa = PBXFileReference; fileEncoding = 4; lastKnownFileType = sourcecode.swift; path = ProfileController.swift; sourceTree = "<group>"; };
		D26703681E26D8E1001C06BE /* HomeNavigationController.swift */ = {isa = PBXFileReference; fileEncoding = 4; lastKnownFileType = sourcecode.swift; path = HomeNavigationController.swift; sourceTree = "<group>"; };
		D267036B1E2D448F001C06BE /* FeedItemSectionController.swift */ = {isa = PBXFileReference; fileEncoding = 4; lastKnownFileType = sourcecode.swift; path = FeedItemSectionController.swift; sourceTree = "<group>"; };
		D28186CF1E79AADB00EC7D23 /* FSImageEditFilterManager.swift */ = {isa = PBXFileReference; fileEncoding = 4; lastKnownFileType = sourcecode.swift; path = FSImageEditFilterManager.swift; sourceTree = "<group>"; };
		D28186D11E79C50100EC7D23 /* CIImageView.swift */ = {isa = PBXFileReference; fileEncoding = 4; lastKnownFileType = sourcecode.swift; path = CIImageView.swift; sourceTree = "<group>"; };
		D2AA02591E7C3B400000E0BD /* FSImageAdjustmentType.swift */ = {isa = PBXFileReference; fileEncoding = 4; lastKnownFileType = sourcecode.swift; path = FSImageAdjustmentType.swift; sourceTree = "<group>"; };
		D2DEE0041E1EF4D4004BCEF7 /* Strongbox.swift */ = {isa = PBXFileReference; fileEncoding = 4; lastKnownFileType = sourcecode.swift; path = Strongbox.swift; sourceTree = "<group>"; };
		D2DEE0061E201E87004BCEF7 /* FaceSnaps.entitlements */ = {isa = PBXFileReference; lastKnownFileType = text.plist.entitlements; path = FaceSnaps.entitlements; sourceTree = "<group>"; };
		D2DEE0071E204899004BCEF7 /* UsernameSignUpController.swift */ = {isa = PBXFileReference; fileEncoding = 4; lastKnownFileType = sourcecode.swift; path = UsernameSignUpController.swift; sourceTree = "<group>"; };
		D2F1A2411E6F27E200EFC6C8 /* ImagePickerNavigationController.swift */ = {isa = PBXFileReference; fileEncoding = 4; lastKnownFileType = sourcecode.swift; path = ImagePickerNavigationController.swift; sourceTree = "<group>"; };
		D2F8D2EB1E2D615400723204 /* UserHeaderView.swift */ = {isa = PBXFileReference; fileEncoding = 4; lastKnownFileType = sourcecode.swift; path = UserHeaderView.swift; sourceTree = "<group>"; };
		D2F8D2EF1E2D630800723204 /* ImageCell.swift */ = {isa = PBXFileReference; fileEncoding = 4; lastKnownFileType = sourcecode.swift; path = ImageCell.swift; sourceTree = "<group>"; };
		D2F8D2F11E2D63D600723204 /* FeedItem.swift */ = {isa = PBXFileReference; fileEncoding = 4; lastKnownFileType = sourcecode.swift; path = FeedItem.swift; sourceTree = "<group>"; };
		D2F8D2F31E2D644600723204 /* Comment.swift */ = {isa = PBXFileReference; fileEncoding = 4; lastKnownFileType = sourcecode.swift; path = Comment.swift; sourceTree = "<group>"; };
		D2F8D2F51E2D644C00723204 /* User.swift */ = {isa = PBXFileReference; fileEncoding = 4; lastKnownFileType = sourcecode.swift; path = User.swift; sourceTree = "<group>"; };
		D2F8D2F71E2E64B900723204 /* LikesViewCell.swift */ = {isa = PBXFileReference; fileEncoding = 4; lastKnownFileType = sourcecode.swift; path = LikesViewCell.swift; sourceTree = "<group>"; };
/* End PBXFileReference section */

/* Begin PBXFrameworksBuildPhase section */
		3A32DD091DA0309100CD2669 /* Frameworks */ = {
			isa = PBXFrameworksBuildPhase;
			buildActionMask = 2147483647;
			files = (
				63326B2C9953F92A38E4C7AE /* Pods_FaceSnaps.framework in Frameworks */,
			);
			runOnlyForDeploymentPostprocessing = 0;
		};
/* End PBXFrameworksBuildPhase section */

/* Begin PBXGroup section */
		3A32DD031DA0309100CD2669 = {
			isa = PBXGroup;
			children = (
				3A32DD0E1DA0309100CD2669 /* FaceSnaps */,
				3A32DD0D1DA0309100CD2669 /* Products */,
				D0E4AED5AEDFAB5181C29C07 /* Pods */,
				A6B89373F5758EB91CA1EF8E /* Frameworks */,
			);
			sourceTree = "<group>";
		};
		3A32DD0D1DA0309100CD2669 /* Products */ = {
			isa = PBXGroup;
			children = (
				3A32DD0C1DA0309100CD2669 /* FaceSnaps.app */,
			);
			name = Products;
			sourceTree = "<group>";
		};
		3A32DD0E1DA0309100CD2669 /* FaceSnaps */ = {
			isa = PBXGroup;
			children = (
				D2DEE0061E201E87004BCEF7 /* FaceSnaps.entitlements */,
				3A32DD0F1DA0309100CD2669 /* AppDelegate.swift */,
				D2DEE0041E1EF4D4004BCEF7 /* Strongbox.swift */,
				3A9D882F1E1A16A300FB928D /* Client */,
				3A32DD261DA16BF200CD2669 /* Model */,
				3A32DD251DA16BEA00CD2669 /* View */,
				3A32DD241DA16BE200CD2669 /* Controller */,
				3A32DD231DA16BD800CD2669 /* Helpers */,
				CDE86F311DB4068200076D65 /* Convenience */,
				3A32DD161DA0309100CD2669 /* Assets.xcassets */,
				3A32DD181DA0309100CD2669 /* LaunchScreen.storyboard */,
				3A32DD1B1DA0309100CD2669 /* Info.plist */,
			);
			path = FaceSnaps;
			sourceTree = "<group>";
		};
		3A32DD231DA16BD800CD2669 /* Helpers */ = {
			isa = PBXGroup;
			children = (
				3A32DD211DA1628800CD2669 /* MediaPickerManager.swift */,
				3A9FA6171DA17FF800FDFE63 /* FilteredImageBuilder.swift */,
				3A32A6AF1DA30A8500AEE45F /* LocationManager.swift */,
				3A32A6C71DA9845500AEE45F /* SortItemSelector.swift */,
				CDCE98501DB1B75400BBB0FF /* CellAnimator.swift */,
				CDE86F341DB43F6C00076D65 /* PhotoDeletionManager.swift */,
				3A0805EA1DEF6CFE002DB0DF /* GradientLayerAnimator.swift */,
				3A9D882B1E199C6100FB928D /* ImageCropHelper.swift */,
				3A9A3BA21E219A5C008A1334 /* UsernameGenerator.swift */,
				D267035A1E256BE0001C06BE /* ImageCoder.swift */,
			);
			name = Helpers;
			sourceTree = "<group>";
		};
		3A32DD241DA16BE200CD2669 /* Controller */ = {
			isa = PBXGroup;
			children = (
				3A32DD111DA0309100CD2669 /* PhotoListController.swift */,
				3A32DD271DA16C2C00CD2669 /* PhotoFilterController.swift */,
				3A32A6AD1DA2E5E700AEE45F /* PhotoMetadataController.swift */,
				3A32A6B11DA5F21C00AEE45F /* CoreDataController.swift */,
				3A32A6BF1DA94BD900AEE45F /* PhotoFetchedResultsController.swift */,
				3A32A6C31DA95BE800AEE45F /* PhotoSortListController.swift */,
				D26703601E26AFFD001C06BE /* AppTabBarController.swift */,
				3AC13E7B1E6C8C300036EB87 /* Image Pickers */,
				D21BD48F1E609A33009196C8 /* PostsCollectionViewContainer.swift */,
				D21BD4911E60D800009196C8 /* FeedItemThumbnailSectionController.swift */,
				D21BD4931E649BA0009196C8 /* UsersListViewController.swift */,
				D21BD4951E64C8AD009196C8 /* UserFollowCell.xib */,
				D21BD4971E64C9CB009196C8 /* UserFollowCell.swift */,
				D26703641E26D1FF001C06BE /* Log In / Sign Up */,
				D267036A1E26D8F0001C06BE /* Home */,
				3A9A3BA61E285DAC008A1334 /* Search */,
				3A9A3BA71E285DC2008A1334 /* Camera */,
				3A9A3BA81E285DCB008A1334 /* Likes */,
				D26703671E26D34D001C06BE /* Profile */,
				D21BD48D1E608B8B009196C8 /* CollectionViewContainer.swift */,
			);
			name = Controller;
			sourceTree = "<group>";
		};
		3A32DD251DA16BEA00CD2669 /* View */ = {
			isa = PBXGroup;
			children = (
				3A9FA6191DA29BE800FDFE63 /* FilteredImageCell.swift */,
				3A32A6C11DA94D8F00AEE45F /* PhotoCell.swift */,
				3A0805E81DEE5134002DB0DF /* LoginTextField.swift */,
				3A17EA4F1DFF644C00031834 /* LineView.swift */,
				3ABF878F1E01EBFF00388866 /* FaceSnapsGradient.swift */,
				3AB17F9D1E02264E005E8739 /* FacebookLoginViews.swift */,
				3AB17F9F1E02329F005E8739 /* LoginViews.swift */,
				3AB17FA31E04FEE9005E8739 /* InteractableLabel.swift */,
				3AB17FB51E0CEA9C005E8739 /* SignUpViews.swift */,
				CDD5D6011E173689007364B4 /* CameraFocusView.swift */,
				3A9A3BA01E219138008A1334 /* NextButton.swift */,
				3A9A3BA41E2416E6008A1334 /* UsernameTextField.swift */,
				3AA3B22C1E4FEC3D0000A312 /* CommentBoxView.swift */,
				D28186D11E79C50100EC7D23 /* CIImageView.swift */,
			);
			name = View;
			sourceTree = "<group>";
		};
		3A32DD261DA16BF200CD2669 /* Model */ = {
			isa = PBXGroup;
			children = (
				3A32A6B31DA5F2A600AEE45F /* FaceSnap.xcdatamodeld */,
				3A32A6B61DA6060A00AEE45F /* Photo.swift */,
				3A32A6B81DA6067E00AEE45F /* Tag.swift */,
				3A32A6BB1DA6069900AEE45F /* Location.swift */,
				3A32A6BD1DA94AAA00AEE45F /* PhotoDataSource.swift */,
				3A32A6C51DA97A8E00AEE45F /* SortableDataSource.swift */,
				D2F8D2F11E2D63D600723204 /* FeedItem.swift */,
				D2F8D2F51E2D644C00723204 /* User.swift */,
				D2F8D2F31E2D644600723204 /* Comment.swift */,
			);
			name = Model;
			sourceTree = "<group>";
		};
		3A9A3BA61E285DAC008A1334 /* Search */ = {
			isa = PBXGroup;
			children = (
				3A9A3BA91E285E48008A1334 /* SearchNavigationController.swift */,
				3A9A3BAB1E285E72008A1334 /* SearchController.swift */,
				D21BD4851E54D1DE009196C8 /* UserSearchCell.swift */,
				D21BD4831E54D1BD009196C8 /* UserSearchCell.xib */,
				D21BD47F1E54A487009196C8 /* SearchManager.swift */,
			);
			name = Search;
			sourceTree = "<group>";
		};
		3A9A3BA71E285DC2008A1334 /* Camera */ = {
			isa = PBXGroup;
			children = (
				3A9A3BB11E285FA3008A1334 /* CameraTabBarController.swift */,
			);
			name = Camera;
			sourceTree = "<group>";
		};
		3A9A3BA81E285DCB008A1334 /* Likes */ = {
			isa = PBXGroup;
			children = (
				3A9A3BAD1E285F63008A1334 /* LikesNavigationController.swift */,
				3A9A3BAF1E285F83008A1334 /* LikesController.swift */,
			);
			name = Likes;
			sourceTree = "<group>";
		};
		3A9D882F1E1A16A300FB928D /* Client */ = {
			isa = PBXGroup;
			children = (
				3A9D88321E1A17D400FB928D /* FaceSnapsAPI */,
				3A9D88301E1A175900FB928D /* FaceSnapsDataSource.swift */,
				D2318A911E1D623D00E0347F /* APIClient.swift */,
				D2318A8F1E1D621D00E0347F /* APIConstants.swift */,
			);
			name = Client;
			sourceTree = "<group>";
		};
		3A9D88321E1A17D400FB928D /* FaceSnapsAPI */ = {
			isa = PBXGroup;
			children = (
				3A9D88331E1A184A00FB928D /* FaceSnapsClient.swift */,
				3A9D88351E1A185B00FB928D /* FaceSnapsConstants.swift */,
				D24EB88F1E492216003960F0 /* FaceSnapsParser.swift */,
				3AA3B2321E58F0980000A312 /* APIError.swift */,
				D21BD48B1E5F526B009196C8 /* APIResult.swift */,
			);
			name = FaceSnapsAPI;
			sourceTree = "<group>";
		};
		3AC13E7B1E6C8C300036EB87 /* Image Pickers */ = {
			isa = PBXGroup;
			children = (
				3A9D88271E16014100FB928D /* FSImagePickerController.swift */,
				3AC13E791E6C8C240036EB87 /* FSLibraryImagePickerController.swift */,
				3AC13E7C1E6C933F0036EB87 /* FSImageCropView.swift */,
				3AC13E7E1E6C9B290036EB87 /* FSLibraryViewCell.swift */,
				3AC13E801E6CA1440036EB87 /* FSLibraryViewCell.xib */,
				D2F1A2411E6F27E200EFC6C8 /* ImagePickerNavigationController.swift */,
				3AC13E8C1E7509790036EB87 /* FSImageEditCoordinator.swift */,
				3AC13E941E75ED1D0036EB87 /* FSImageEditToolsController.swift */,
				3AC13E881E7504B80036EB87 /* FSImageFilterView.swift */,
				3AC13E861E7503480036EB87 /* FSImageEditView.swift */,
				3AC13E961E7855300036EB87 /* FSImageSliderMenuView.swift */,
				3AC13E8E1E75D71C0036EB87 /* FSImageSliderAdjustmentView.swift */,
				3AC13E901E75E5880036EB87 /* FSImageEditViewCell.xib */,
				3AC13E921E75E73F0036EB87 /* FSImageEditViewCell.swift */,
				3AC13E981E78893D0036EB87 /* FSImageSlider.swift */,
				D28186CF1E79AADB00EC7D23 /* FSImageEditFilterManager.swift */,
				D2AA02591E7C3B400000E0BD /* FSImageAdjustmentType.swift */,
				3AC13E9C1E7F825E0036EB87 /* FSTiltShiftFilter.swift */,
			);
			name = "Image Pickers";
			sourceTree = "<group>";
		};
		A6B89373F5758EB91CA1EF8E /* Frameworks */ = {
			isa = PBXGroup;
			children = (
				8B34D4AC687307AA226D35C0 /* Pods_FaceSnaps.framework */,
			);
			name = Frameworks;
			sourceTree = "<group>";
		};
		CDE86F311DB4068200076D65 /* Convenience */ = {
			isa = PBXGroup;
			children = (
				CDE86F321DB4069E00076D65 /* UIViewControllerExtensions.swift */,
				CDE86F381DBEC66400076D65 /* Array+FilterDuplicates.swift */,
				3A17EA491DF7EC0100031834 /* AttributedString.swift */,
				3A17EA4B1DF7EFD500031834 /* UITapGestureRecognizer+AttributedText.swift */,
				3A17EA4D1DFF57A000031834 /* UIView+Resize.swift */,
				3AB17FA91E0A4815005E8739 /* UIColor.swift */,
				3AB17FAD1E0B6441005E8739 /* UITextField+Blank.swift */,
				3AB17FAF1E0B6AC3005E8739 /* UIDevice+CurrentDevice.swift */,
				3A8C1DE71E12FF370095CE32 /* UIButton+setBackgroundColor.swift */,
				3A9D88291E163F4600FB928D /* UIButton+setImage.swift */,
				3A9D882D1E199F6C00FB928D /* UIImage+Circle.swift */,
				3A9A3B9E1E20B929008A1334 /* Formatter.swift */,
				D267035C1E269C9D001C06BE /* URL+Parameters.swift */,
				3A5714B21E397709003C7BC5 /* UIImage+Size+Color.swift */,
				3A74B8471E3D9DCE00408BBB /* TextSize.swift */,
				3A74B8511E3E992200408BBB /* Time+Ago.swift */,
				3ADE2A651E4151D900D1D4C6 /* Notification + Name.swift */,
				3ADE2A671E41770B00D1D4C6 /* Array+RemoveObjectsInArray.swift */,
				3ADE2A731E4D692C00D1D4C6 /* CALayer+AddBorder.swift */,
				3AA3B22E1E50F45F0000A312 /* UITextView+NumLines.swift */,
				D21BD4811E54B95B009196C8 /* UISegmentedControl+Appearance.swift */,
				3AC13E771E6902440036EB87 /* ActiveLabel+Types.swift */,
			);
			name = Convenience;
			sourceTree = "<group>";
		};
		D0E4AED5AEDFAB5181C29C07 /* Pods */ = {
			isa = PBXGroup;
			children = (
				96DFA07437B7867F08D307F4 /* Pods-FaceSnaps.debug.xcconfig */,
				39E323E2EB82704E9F8D43DC /* Pods-FaceSnaps.release.xcconfig */,
			);
			name = Pods;
			sourceTree = "<group>";
		};
		D26703641E26D1FF001C06BE /* Log In / Sign Up */ = {
			isa = PBXGroup;
			children = (
				3AB17FAB1E0B2080005E8739 /* LoginFlowNavigationController.swift */,
				3A0805E61DEE2D01002DB0DF /* LoginController.swift */,
				3ABF878D1E01EB0500388866 /* SignInHelpController.swift */,
				3AB17FB11E0B753D005E8739 /* SignUpController.swift */,
				3AB17FB71E12F879005E8739 /* EmailSignUpController.swift */,
				3A8C1DE91E135FE10095CE32 /* EmailSignUpControllerWithAccount.swift */,
				D2DEE0071E204899004BCEF7 /* UsernameSignUpController.swift */,
			);
			name = "Log In / Sign Up";
			sourceTree = "<group>";
		};
		D26703671E26D34D001C06BE /* Profile */ = {
			isa = PBXGroup;
			children = (
				D26703621E26D1B1001C06BE /* ProfileNavigationController.swift */,
				D26703651E26D2B8001C06BE /* ProfileController.swift */,
				D21BD4871E54F9CB009196C8 /* ProfileHeaderView.swift */,
				3AA3B2341E594E750000A312 /* UserOptionsViewController.swift */,
				3AA3B2381E5A90F90000A312 /* EditProfileViewController.swift */,
				3AA3B23E1E5AA6270000A312 /* EditProfileHeaderView.swift */,
				3AA3B23A1E5A95400000A312 /* EditableTableViewCell.swift */,
				3AA3B23C1E5A95660000A312 /* EditableTableViewCell.xib */,
				3AA3B2401E5E984D0000A312 /* ChangePasswordViewController.swift */,
			);
			name = Profile;
			sourceTree = "<group>";
		};
		D267036A1E26D8F0001C06BE /* Home */ = {
			isa = PBXGroup;
			children = (
				D26703681E26D8E1001C06BE /* HomeNavigationController.swift */,
				3A7C7FB61DEE2737008608D1 /* HomeController.swift */,
				D267036B1E2D448F001C06BE /* FeedItemSectionController.swift */,
				D2F8D2EB1E2D615400723204 /* UserHeaderView.swift */,
				D2F8D2EF1E2D630800723204 /* ImageCell.swift */,
				D224C65C1E36AC8D00AA1DC6 /* ControlsCell.swift */,
				D2F8D2F71E2E64B900723204 /* LikesViewCell.swift */,
				D224C65E1E36ACEC00AA1DC6 /* CaptionCell.swift */,
				3AA3B2301E516FE00000A312 /* ViewAllCommentsCell.swift */,
				D224C6601E36AEF100AA1DC6 /* CommentCell.swift */,
				D224C65A1E36A51300AA1DC6 /* FeedItemSubSectionCell.swift */,
				3A5714B41E398030003C7BC5 /* FeedItemSectionDelegate.swift */,
				3A74B84D1E3E97B700408BBB /* TimeView.swift */,
				3A74B84E1E3E97B700408BBB /* TimeView.xib */,
				3ADE2A631E41356500D1D4C6 /* SpinnerCell.swift */,
				3ADE2A6B1E4D2F7000D1D4C6 /* CommentController.swift */,
				D21BD4991E69E714009196C8 /* FullCommentCell.xib */,
				3ADE2A6D1E4D319400D1D4C6 /* FullCommentCell.swift */,
				3ADE2A6F1E4D343800D1D4C6 /* CommentDelegate.swift */,
			);
			name = Home;
			sourceTree = "<group>";
		};
/* End PBXGroup section */

/* Begin PBXNativeTarget section */
		3A32DD0B1DA0309100CD2669 /* FaceSnaps */ = {
			isa = PBXNativeTarget;
			buildConfigurationList = 3A32DD1E1DA0309100CD2669 /* Build configuration list for PBXNativeTarget "FaceSnaps" */;
			buildPhases = (
				D49E3BFCCFF706036F58ACB1 /* [CP] Check Pods Manifest.lock */,
				3A32DD081DA0309100CD2669 /* Sources */,
				3A32DD091DA0309100CD2669 /* Frameworks */,
				3A32DD0A1DA0309100CD2669 /* Resources */,
				852743B38BC2D304A727028F /* [CP] Embed Pods Frameworks */,
				27030925BC8FFC3702806942 /* [CP] Copy Pods Resources */,
			);
			buildRules = (
			);
			dependencies = (
			);
			name = FaceSnaps;
			productName = FaceSnaps;
			productReference = 3A32DD0C1DA0309100CD2669 /* FaceSnaps.app */;
			productType = "com.apple.product-type.application";
		};
/* End PBXNativeTarget section */

/* Begin PBXProject section */
		3A32DD041DA0309100CD2669 /* Project object */ = {
			isa = PBXProject;
			attributes = {
				LastSwiftUpdateCheck = 0800;
				LastUpgradeCheck = 0810;
				ORGANIZATIONNAME = "Patrick Montalto";
				TargetAttributes = {
					3A32DD0B1DA0309100CD2669 = {
						CreatedOnToolsVersion = 8.0;
						DevelopmentTeam = D5L2TLU9VB;
						LastSwiftMigration = 0820;
						ProvisioningStyle = Manual;
						SystemCapabilities = {
							com.apple.Keychain = {
								enabled = 1;
							};
						};
					};
				};
			};
			buildConfigurationList = 3A32DD071DA0309100CD2669 /* Build configuration list for PBXProject "FaceSnaps" */;
			compatibilityVersion = "Xcode 3.2";
			developmentRegion = English;
			hasScannedForEncodings = 0;
			knownRegions = (
				en,
				Base,
			);
			mainGroup = 3A32DD031DA0309100CD2669;
			productRefGroup = 3A32DD0D1DA0309100CD2669 /* Products */;
			projectDirPath = "";
			projectRoot = "";
			targets = (
				3A32DD0B1DA0309100CD2669 /* FaceSnaps */,
			);
		};
/* End PBXProject section */

/* Begin PBXResourcesBuildPhase section */
		3A32DD0A1DA0309100CD2669 /* Resources */ = {
			isa = PBXResourcesBuildPhase;
			buildActionMask = 2147483647;
			files = (
				D21BD4841E54D1BD009196C8 /* UserSearchCell.xib in Resources */,
				3A32DD1A1DA0309100CD2669 /* LaunchScreen.storyboard in Resources */,
				3A74B8501E3E97B700408BBB /* TimeView.xib in Resources */,
				3AA3B23D1E5A95660000A312 /* EditableTableViewCell.xib in Resources */,
				D21BD49A1E69E714009196C8 /* FullCommentCell.xib in Resources */,
				3A32DD171DA0309100CD2669 /* Assets.xcassets in Resources */,
				D21BD4961E64C8AD009196C8 /* UserFollowCell.xib in Resources */,
				3AC13E811E6CA1440036EB87 /* FSLibraryViewCell.xib in Resources */,
				3AC13E911E75E5880036EB87 /* FSImageEditViewCell.xib in Resources */,
			);
			runOnlyForDeploymentPostprocessing = 0;
		};
/* End PBXResourcesBuildPhase section */

/* Begin PBXShellScriptBuildPhase section */
		27030925BC8FFC3702806942 /* [CP] Copy Pods Resources */ = {
			isa = PBXShellScriptBuildPhase;
			buildActionMask = 8;
			files = (
			);
			inputPaths = (
			);
			name = "[CP] Copy Pods Resources";
			outputPaths = (
			);
			runOnlyForDeploymentPostprocessing = 1;
			shellPath = /bin/sh;
			shellScript = "\"${SRCROOT}/Pods/Target Support Files/Pods-FaceSnaps/Pods-FaceSnaps-resources.sh\"\n";
			showEnvVarsInLog = 0;
		};
		852743B38BC2D304A727028F /* [CP] Embed Pods Frameworks */ = {
			isa = PBXShellScriptBuildPhase;
			buildActionMask = 12;
			files = (
			);
			inputPaths = (
			);
			name = "[CP] Embed Pods Frameworks";
			outputPaths = (
			);
			runOnlyForDeploymentPostprocessing = 0;
			shellPath = /bin/sh;
			shellScript = "\"${SRCROOT}/Pods/Target Support Files/Pods-FaceSnaps/Pods-FaceSnaps-frameworks.sh\"\n";
			showEnvVarsInLog = 0;
		};
		D49E3BFCCFF706036F58ACB1 /* [CP] Check Pods Manifest.lock */ = {
			isa = PBXShellScriptBuildPhase;
			buildActionMask = 8;
			files = (
			);
			inputPaths = (
			);
			name = "[CP] Check Pods Manifest.lock";
			outputPaths = (
			);
			runOnlyForDeploymentPostprocessing = 1;
			shellPath = /bin/sh;
			shellScript = "diff \"${PODS_ROOT}/../Podfile.lock\" \"${PODS_ROOT}/Manifest.lock\" > /dev/null\nif [ $? != 0 ] ; then\n    # print error to STDERR\n    echo \"error: The sandbox is not in sync with the Podfile.lock. Run 'pod install' or update your CocoaPods installation.\" >&2\n    exit 1\nfi\n";
			showEnvVarsInLog = 0;
		};
/* End PBXShellScriptBuildPhase section */

/* Begin PBXSourcesBuildPhase section */
		3A32DD081DA0309100CD2669 /* Sources */ = {
			isa = PBXSourcesBuildPhase;
			buildActionMask = 2147483647;
			files = (
				3A32A6C81DA9845500AEE45F /* SortItemSelector.swift in Sources */,
				D267036C1E2D448F001C06BE /* FeedItemSectionController.swift in Sources */,
				D21BD48E1E608B8B009196C8 /* CollectionViewContainer.swift in Sources */,
				3AC13E931E75E73F0036EB87 /* FSImageEditViewCell.swift in Sources */,
				D21BD4821E54B95B009196C8 /* UISegmentedControl+Appearance.swift in Sources */,
				3AC13E7A1E6C8C240036EB87 /* FSLibraryImagePickerController.swift in Sources */,
				3AA3B2311E516FE00000A312 /* ViewAllCommentsCell.swift in Sources */,
				3AA3B22D1E4FEC3D0000A312 /* CommentBoxView.swift in Sources */,
				D2318A901E1D621D00E0347F /* APIConstants.swift in Sources */,
				3AB17FA41E04FEE9005E8739 /* InteractableLabel.swift in Sources */,
				3ADE2A701E4D343800D1D4C6 /* CommentDelegate.swift in Sources */,
				D2F8D2EC1E2D615400723204 /* UserHeaderView.swift in Sources */,
				3A32A6B91DA6067E00AEE45F /* Tag.swift in Sources */,
				3A9A3BAE1E285F63008A1334 /* LikesNavigationController.swift in Sources */,
				3A32A6BE1DA94AAA00AEE45F /* PhotoDataSource.swift in Sources */,
				3AC13E7F1E6C9B290036EB87 /* FSLibraryViewCell.swift in Sources */,
				3A0805E71DEE2D01002DB0DF /* LoginController.swift in Sources */,
				3ABF87901E01EBFF00388866 /* FaceSnapsGradient.swift in Sources */,
				3AC13E951E75ED1D0036EB87 /* FSImageEditToolsController.swift in Sources */,
				3A32A6C61DA97A8E00AEE45F /* SortableDataSource.swift in Sources */,
				3AC13E9D1E7F825E0036EB87 /* FSTiltShiftFilter.swift in Sources */,
				3A32A6B51DA5F2A600AEE45F /* FaceSnap.xcdatamodeld in Sources */,
				3ABF878E1E01EB0500388866 /* SignInHelpController.swift in Sources */,
				3A9FA6181DA17FF800FDFE63 /* FilteredImageBuilder.swift in Sources */,
				3AC13E7D1E6C933F0036EB87 /* FSImageCropView.swift in Sources */,
				3A9D88341E1A184A00FB928D /* FaceSnapsClient.swift in Sources */,
				3A17EA4A1DF7EC0100031834 /* AttributedString.swift in Sources */,
				CDE86F351DB43F6C00076D65 /* PhotoDeletionManager.swift in Sources */,
				3A9A3BA31E219A5C008A1334 /* UsernameGenerator.swift in Sources */,
				3ADE2A6E1E4D319400D1D4C6 /* FullCommentCell.swift in Sources */,
				3A32A6C21DA94D8F00AEE45F /* PhotoCell.swift in Sources */,
				3A9A3BAC1E285E72008A1334 /* SearchController.swift in Sources */,
				3A74B84F1E3E97B700408BBB /* TimeView.swift in Sources */,
				3A0805E91DEE5134002DB0DF /* LoginTextField.swift in Sources */,
				3AA3B23B1E5A95400000A312 /* EditableTableViewCell.swift in Sources */,
				D21BD4861E54D1DE009196C8 /* UserSearchCell.swift in Sources */,
				3A9A3B9F1E20B929008A1334 /* Formatter.swift in Sources */,
				3AC13E891E7504B80036EB87 /* FSImageFilterView.swift in Sources */,
				D21BD48C1E5F526B009196C8 /* APIResult.swift in Sources */,
				3A32DD221DA1628800CD2669 /* MediaPickerManager.swift in Sources */,
				3AC13E8D1E7509790036EB87 /* FSImageEditCoordinator.swift in Sources */,
				D26703631E26D1B1001C06BE /* ProfileNavigationController.swift in Sources */,
				3A17EA501DFF644C00031834 /* LineView.swift in Sources */,
				3AA3B2411E5E984D0000A312 /* ChangePasswordViewController.swift in Sources */,
				D224C65B1E36A51300AA1DC6 /* FeedItemSubSectionCell.swift in Sources */,
				D21BD4941E649BA0009196C8 /* UsersListViewController.swift in Sources */,
				3AC13E781E6902440036EB87 /* ActiveLabel+Types.swift in Sources */,
				3AB17FAC1E0B2080005E8739 /* LoginFlowNavigationController.swift in Sources */,
				3A9A3BAA1E285E48008A1334 /* SearchNavigationController.swift in Sources */,
				3A17EA4C1DF7EFD500031834 /* UITapGestureRecognizer+AttributedText.swift in Sources */,
				3A9FA61A1DA29BE800FDFE63 /* FilteredImageCell.swift in Sources */,
				D224C6611E36AEF100AA1DC6 /* CommentCell.swift in Sources */,
				3A0805EB1DEF6CFE002DB0DF /* GradientLayerAnimator.swift in Sources */,
				3AB17FB01E0B6AC3005E8739 /* UIDevice+CurrentDevice.swift in Sources */,
				3ADE2A741E4D692C00D1D4C6 /* CALayer+AddBorder.swift in Sources */,
				3A32DD121DA0309100CD2669 /* PhotoListController.swift in Sources */,
				3A32A6BC1DA6069900AEE45F /* Location.swift in Sources */,
				D2F8D2F81E2E64B900723204 /* LikesViewCell.swift in Sources */,
				3AA3B23F1E5AA6270000A312 /* EditProfileHeaderView.swift in Sources */,
				3AA3B2351E594E750000A312 /* UserOptionsViewController.swift in Sources */,
				D2DEE0081E204899004BCEF7 /* UsernameSignUpController.swift in Sources */,
				3AB17FB21E0B753D005E8739 /* SignUpController.swift in Sources */,
				3A32A6C41DA95BE800AEE45F /* PhotoSortListController.swift in Sources */,
				CDD5D6021E173689007364B4 /* CameraFocusView.swift in Sources */,
				D26703661E26D2B8001C06BE /* ProfileController.swift in Sources */,
				3A9A3BA11E219138008A1334 /* NextButton.swift in Sources */,
				3A8C1DE81E12FF370095CE32 /* UIButton+setBackgroundColor.swift in Sources */,
				D267035D1E269C9D001C06BE /* URL+Parameters.swift in Sources */,
				D21BD4921E60D800009196C8 /* FeedItemThumbnailSectionController.swift in Sources */,
				D2F8D2F61E2D644C00723204 /* User.swift in Sources */,
				D21BD4981E64C9CB009196C8 /* UserFollowCell.swift in Sources */,
				3AC13E971E7855300036EB87 /* FSImageSliderMenuView.swift in Sources */,
				D2F8D2F01E2D630800723204 /* ImageCell.swift in Sources */,
				CDCE98511DB1B75400BBB0FF /* CellAnimator.swift in Sources */,
				3A9A3BB21E285FA3008A1334 /* CameraTabBarController.swift in Sources */,
				CDE86F331DB4069E00076D65 /* UIViewControllerExtensions.swift in Sources */,
				3A32A6B01DA30A8500AEE45F /* LocationManager.swift in Sources */,
				D267035B1E256BE0001C06BE /* ImageCoder.swift in Sources */,
				3AC13E991E78893D0036EB87 /* FSImageSlider.swift in Sources */,
				3ADE2A641E41356500D1D4C6 /* SpinnerCell.swift in Sources */,
				3A9A3BB01E285F83008A1334 /* LikesController.swift in Sources */,
				3A9D882E1E199F6C00FB928D /* UIImage+Circle.swift in Sources */,
				D26703691E26D8E1001C06BE /* HomeNavigationController.swift in Sources */,
				D28186D21E79C50100EC7D23 /* CIImageView.swift in Sources */,
				3A32A6B21DA5F21C00AEE45F /* CoreDataController.swift in Sources */,
				3AB17FB61E0CEA9C005E8739 /* SignUpViews.swift in Sources */,
				3AA3B2391E5A90F90000A312 /* EditProfileViewController.swift in Sources */,
				3A74B8481E3D9DCE00408BBB /* TextSize.swift in Sources */,
				D2AA025A1E7C3B400000E0BD /* FSImageAdjustmentType.swift in Sources */,
				3ADE2A681E41770B00D1D4C6 /* Array+RemoveObjectsInArray.swift in Sources */,
				3AB17FAE1E0B6441005E8739 /* UITextField+Blank.swift in Sources */,
				3AB17FB81E12F879005E8739 /* EmailSignUpController.swift in Sources */,
				3ADE2A661E4151D900D1D4C6 /* Notification + Name.swift in Sources */,
				D26703611E26AFFD001C06BE /* AppTabBarController.swift in Sources */,
				D21BD4881E54F9CB009196C8 /* ProfileHeaderView.swift in Sources */,
				3A5714B51E398030003C7BC5 /* FeedItemSectionDelegate.swift in Sources */,
				3ADE2A6C1E4D2F7000D1D4C6 /* CommentController.swift in Sources */,
				3AB17FAA1E0A4815005E8739 /* UIColor.swift in Sources */,
				3AC13E871E7503480036EB87 /* FSImageEditView.swift in Sources */,
				3AB17FA01E02329F005E8739 /* LoginViews.swift in Sources */,
				3A32A6B71DA6060A00AEE45F /* Photo.swift in Sources */,
				CDE86F391DBEC66400076D65 /* Array+FilterDuplicates.swift in Sources */,
				3A9D882A1E163F4600FB928D /* UIButton+setImage.swift in Sources */,
				D2318A921E1D623D00E0347F /* APIClient.swift in Sources */,
				3A17EA4E1DFF57A000031834 /* UIView+Resize.swift in Sources */,
				D21BD4901E609A33009196C8 /* PostsCollectionViewContainer.swift in Sources */,
				3A32DD281DA16C2C00CD2669 /* PhotoFilterController.swift in Sources */,
				3AA3B2331E58F0980000A312 /* APIError.swift in Sources */,
				3A7C7FB71DEE2737008608D1 /* HomeController.swift in Sources */,
				3AB17F9E1E02264E005E8739 /* FacebookLoginViews.swift in Sources */,
				3A9D88361E1A185B00FB928D /* FaceSnapsConstants.swift in Sources */,
				D224C65D1E36AC8D00AA1DC6 /* ControlsCell.swift in Sources */,
				D24EB8901E492216003960F0 /* FaceSnapsParser.swift in Sources */,
				3A9A3BA51E2416E6008A1334 /* UsernameTextField.swift in Sources */,
				D2DEE0051E1EF4D4004BCEF7 /* Strongbox.swift in Sources */,
				D2F8D2F21E2D63D600723204 /* FeedItem.swift in Sources */,
				3A9D88311E1A175900FB928D /* FaceSnapsDataSource.swift in Sources */,
				3A32A6C01DA94BD900AEE45F /* PhotoFetchedResultsController.swift in Sources */,
				3A5714B31E397709003C7BC5 /* UIImage+Size+Color.swift in Sources */,
				D2F1A2421E6F27E200EFC6C8 /* ImagePickerNavigationController.swift in Sources */,
				3A32A6AE1DA2E5E700AEE45F /* PhotoMetadataController.swift in Sources */,
				D224C65F1E36ACEC00AA1DC6 /* CaptionCell.swift in Sources */,
				3A74B8521E3E992200408BBB /* Time+Ago.swift in Sources */,
				D28186D01E79AADB00EC7D23 /* FSImageEditFilterManager.swift in Sources */,
				D2F8D2F41E2D644600723204 /* Comment.swift in Sources */,
				3A8C1DEA1E135FE10095CE32 /* EmailSignUpControllerWithAccount.swift in Sources */,
				3A9D882C1E199C6100FB928D /* ImageCropHelper.swift in Sources */,
				3AC13E8F1E75D71C0036EB87 /* FSImageSliderAdjustmentView.swift in Sources */,
				3A32DD101DA0309100CD2669 /* AppDelegate.swift in Sources */,
				3AA3B22F1E50F45F0000A312 /* UITextView+NumLines.swift in Sources */,
				D21BD4801E54A487009196C8 /* SearchManager.swift in Sources */,
				3A9D88281E16014100FB928D /* FSImagePickerController.swift in Sources */,
			);
			runOnlyForDeploymentPostprocessing = 0;
		};
/* End PBXSourcesBuildPhase section */

/* Begin PBXVariantGroup section */
		3A32DD181DA0309100CD2669 /* LaunchScreen.storyboard */ = {
			isa = PBXVariantGroup;
			children = (
				3A32DD191DA0309100CD2669 /* Base */,
			);
			name = LaunchScreen.storyboard;
			sourceTree = "<group>";
		};
/* End PBXVariantGroup section */

/* Begin XCBuildConfiguration section */
		3A32DD1C1DA0309100CD2669 /* Debug */ = {
			isa = XCBuildConfiguration;
			buildSettings = {
				ALWAYS_SEARCH_USER_PATHS = NO;
				CLANG_ANALYZER_NONNULL = YES;
				CLANG_CXX_LANGUAGE_STANDARD = "gnu++0x";
				CLANG_CXX_LIBRARY = "libc++";
				CLANG_ENABLE_MODULES = YES;
				CLANG_ENABLE_OBJC_ARC = YES;
				CLANG_WARN_BOOL_CONVERSION = YES;
				CLANG_WARN_CONSTANT_CONVERSION = YES;
				CLANG_WARN_DIRECT_OBJC_ISA_USAGE = YES_ERROR;
				CLANG_WARN_DOCUMENTATION_COMMENTS = YES;
				CLANG_WARN_EMPTY_BODY = YES;
				CLANG_WARN_ENUM_CONVERSION = YES;
				CLANG_WARN_INFINITE_RECURSION = YES;
				CLANG_WARN_INT_CONVERSION = YES;
				CLANG_WARN_OBJC_ROOT_CLASS = YES_ERROR;
				CLANG_WARN_SUSPICIOUS_MOVE = YES;
				CLANG_WARN_SUSPICIOUS_MOVES = YES;
				CLANG_WARN_UNREACHABLE_CODE = YES;
				CLANG_WARN__DUPLICATE_METHOD_MATCH = YES;
				"CODE_SIGN_IDENTITY[sdk=iphoneos*]" = "iPhone Developer";
				COPY_PHASE_STRIP = NO;
				DEBUG_INFORMATION_FORMAT = dwarf;
				ENABLE_BITCODE = YES;
				ENABLE_STRICT_OBJC_MSGSEND = YES;
				ENABLE_TESTABILITY = YES;
				GCC_C_LANGUAGE_STANDARD = gnu99;
				GCC_DYNAMIC_NO_PIC = NO;
				GCC_NO_COMMON_BLOCKS = YES;
				GCC_OPTIMIZATION_LEVEL = 0;
				GCC_PREPROCESSOR_DEFINITIONS = (
					"DEBUG=1",
					"$(inherited)",
				);
				GCC_WARN_64_TO_32_BIT_CONVERSION = YES;
				GCC_WARN_ABOUT_RETURN_TYPE = YES_ERROR;
				GCC_WARN_UNDECLARED_SELECTOR = YES;
				GCC_WARN_UNINITIALIZED_AUTOS = YES_AGGRESSIVE;
				GCC_WARN_UNUSED_FUNCTION = YES;
				GCC_WARN_UNUSED_VARIABLE = YES;
				IPHONEOS_DEPLOYMENT_TARGET = 10.0;
				MTL_ENABLE_DEBUG_INFO = YES;
				ONLY_ACTIVE_ARCH = YES;
				SDKROOT = iphoneos;
				SWIFT_ACTIVE_COMPILATION_CONDITIONS = DEBUG;
				SWIFT_OPTIMIZATION_LEVEL = "-Onone";
			};
			name = Debug;
		};
		3A32DD1D1DA0309100CD2669 /* Release */ = {
			isa = XCBuildConfiguration;
			buildSettings = {
				ALWAYS_SEARCH_USER_PATHS = NO;
				CLANG_ANALYZER_NONNULL = YES;
				CLANG_CXX_LANGUAGE_STANDARD = "gnu++0x";
				CLANG_CXX_LIBRARY = "libc++";
				CLANG_ENABLE_MODULES = YES;
				CLANG_ENABLE_OBJC_ARC = YES;
				CLANG_WARN_BOOL_CONVERSION = YES;
				CLANG_WARN_CONSTANT_CONVERSION = YES;
				CLANG_WARN_DIRECT_OBJC_ISA_USAGE = YES_ERROR;
				CLANG_WARN_DOCUMENTATION_COMMENTS = YES;
				CLANG_WARN_EMPTY_BODY = YES;
				CLANG_WARN_ENUM_CONVERSION = YES;
				CLANG_WARN_INFINITE_RECURSION = YES;
				CLANG_WARN_INT_CONVERSION = YES;
				CLANG_WARN_OBJC_ROOT_CLASS = YES_ERROR;
				CLANG_WARN_SUSPICIOUS_MOVE = YES;
				CLANG_WARN_SUSPICIOUS_MOVES = YES;
				CLANG_WARN_UNREACHABLE_CODE = YES;
				CLANG_WARN__DUPLICATE_METHOD_MATCH = YES;
				"CODE_SIGN_IDENTITY[sdk=iphoneos*]" = "iPhone Developer";
				COPY_PHASE_STRIP = NO;
				DEBUG_INFORMATION_FORMAT = "dwarf-with-dsym";
				ENABLE_BITCODE = YES;
				ENABLE_NS_ASSERTIONS = NO;
				ENABLE_STRICT_OBJC_MSGSEND = YES;
				GCC_C_LANGUAGE_STANDARD = gnu99;
				GCC_NO_COMMON_BLOCKS = YES;
				GCC_WARN_64_TO_32_BIT_CONVERSION = YES;
				GCC_WARN_ABOUT_RETURN_TYPE = YES_ERROR;
				GCC_WARN_UNDECLARED_SELECTOR = YES;
				GCC_WARN_UNINITIALIZED_AUTOS = YES_AGGRESSIVE;
				GCC_WARN_UNUSED_FUNCTION = YES;
				GCC_WARN_UNUSED_VARIABLE = YES;
				IPHONEOS_DEPLOYMENT_TARGET = 10.0;
				MTL_ENABLE_DEBUG_INFO = NO;
				SDKROOT = iphoneos;
				SWIFT_OPTIMIZATION_LEVEL = "-Owholemodule";
				VALIDATE_PRODUCT = YES;
			};
			name = Release;
		};
		3A32DD1F1DA0309100CD2669 /* Debug */ = {
			isa = XCBuildConfiguration;
			baseConfigurationReference = 96DFA07437B7867F08D307F4 /* Pods-FaceSnaps.debug.xcconfig */;
			buildSettings = {
				ASSETCATALOG_COMPILER_APPICON_NAME = AppIcon;
				CODE_SIGN_ENTITLEMENTS = FaceSnaps/FaceSnaps.entitlements;
				DEVELOPMENT_TEAM = D5L2TLU9VB;
				INFOPLIST_FILE = FaceSnaps/Info.plist;
				LD_RUNPATH_SEARCH_PATHS = "$(inherited) @executable_path/Frameworks";
				PRODUCT_BUNDLE_IDENTIFIER = io.patrickm.FaceSnapsv2;
				PRODUCT_NAME = "$(TARGET_NAME)";
				PROVISIONING_PROFILE = "9f115ded-2e09-4e95-b7ee-ef9049e6fe7d";
				PROVISIONING_PROFILE_SPECIFIER = FaceSnapsV2;
				SWIFT_VERSION = 3.0;
			};
			name = Debug;
		};
		3A32DD201DA0309100CD2669 /* Release */ = {
			isa = XCBuildConfiguration;
			baseConfigurationReference = 39E323E2EB82704E9F8D43DC /* Pods-FaceSnaps.release.xcconfig */;
			buildSettings = {
				ASSETCATALOG_COMPILER_APPICON_NAME = AppIcon;
				CODE_SIGN_ENTITLEMENTS = FaceSnaps/FaceSnaps.entitlements;
				DEVELOPMENT_TEAM = D5L2TLU9VB;
				INFOPLIST_FILE = FaceSnaps/Info.plist;
				LD_RUNPATH_SEARCH_PATHS = "$(inherited) @executable_path/Frameworks";
				PRODUCT_BUNDLE_IDENTIFIER = io.patrickm.FaceSnapsv2;
				PRODUCT_NAME = "$(TARGET_NAME)";
				PROVISIONING_PROFILE = "9f115ded-2e09-4e95-b7ee-ef9049e6fe7d";
				PROVISIONING_PROFILE_SPECIFIER = FaceSnapsV2;
				SWIFT_VERSION = 3.0;
			};
			name = Release;
		};
/* End XCBuildConfiguration section */

/* Begin XCConfigurationList section */
		3A32DD071DA0309100CD2669 /* Build configuration list for PBXProject "FaceSnaps" */ = {
			isa = XCConfigurationList;
			buildConfigurations = (
				3A32DD1C1DA0309100CD2669 /* Debug */,
				3A32DD1D1DA0309100CD2669 /* Release */,
			);
			defaultConfigurationIsVisible = 0;
			defaultConfigurationName = Release;
		};
		3A32DD1E1DA0309100CD2669 /* Build configuration list for PBXNativeTarget "FaceSnaps" */ = {
			isa = XCConfigurationList;
			buildConfigurations = (
				3A32DD1F1DA0309100CD2669 /* Debug */,
				3A32DD201DA0309100CD2669 /* Release */,
			);
			defaultConfigurationIsVisible = 0;
			defaultConfigurationName = Release;
		};
/* End XCConfigurationList section */

/* Begin XCVersionGroup section */
		3A32A6B31DA5F2A600AEE45F /* FaceSnap.xcdatamodeld */ = {
			isa = XCVersionGroup;
			children = (
				3A32A6B41DA5F2A600AEE45F /* FaceSnap.xcdatamodel */,
			);
			currentVersion = 3A32A6B41DA5F2A600AEE45F /* FaceSnap.xcdatamodel */;
			path = FaceSnap.xcdatamodeld;
			sourceTree = "<group>";
			versionGroupType = wrapper.xcdatamodel;
		};
/* End XCVersionGroup section */
	};
	rootObject = 3A32DD041DA0309100CD2669 /* Project object */;
}
