PODS:
  - Alamofire (4.2.0)
  - IGListKit (2.0.0)
  - Strongbox (0.3.0)

DEPENDENCIES:
  - Alamofire (~> 4.0)
  - IGListKit (~> 2.0.0)
  - Strongbox

SPEC CHECKSUMS:
  Alamofire: aa2e09d871c9160ac53c90e83c68064a94e3dfbe
  IGListKit: ee255e4e61865bc3e01ca96b690c5435c2887849
  Strongbox: a35d6dc8967f00563df3a3cd3ab4ef401a63b133

PODFILE CHECKSUM: 64b76bde37c6549c1202eb2ece9f780a44c7b4a2

COCOAPODS: 1.1.1
